// !$*UTF8*$!
{
	archiveVersion = 1;
	classes = {
	};
	objectVersion = 51;
	objects = {

/* Begin PBXBuildFile section */
		42438FAFF24166EC9549ECB6 /* libPods-ABUIKit.a in Frameworks */ = {isa = PBXBuildFile; fileRef = EE8F0DB6084B1ACAB1B012AE /* libPods-ABUIKit.a */; };
		F10742A525ECC84F00A80933 /* ABAppDelegate.m in Sources */ = {isa = PBXBuildFile; fileRef = F10742A425ECC84F00A80933 /* ABAppDelegate.m */; };
		F10D9F8A252FF3FD005728B3 /* ABUIListViewSelectItemView.m in Sources */ = {isa = PBXBuildFile; fileRef = F10D9F89252FF3FD005728B3 /* ABUIListViewSelectItemView.m */; };
		F10D9FBB25300A18005728B3 /* ABUIListViewBaseItemView.m in Sources */ = {isa = PBXBuildFile; fileRef = F10D9FBA25300A18005728B3 /* ABUIListViewBaseItemView.m */; };
		F10F2EBB251EF27400088B72 /* ABUIListViewFlowLayout.m in Sources */ = {isa = PBXBuildFile; fileRef = F10F2EBA251EF27400088B72 /* ABUIListViewFlowLayout.m */; };
		F10F2F20251F45B200088B72 /* ABUINavigationConfig.m in Sources */ = {isa = PBXBuildFile; fileRef = F10F2F1F251F45B200088B72 /* ABUINavigationConfig.m */; };
		F10F2F802522E6F400088B72 /* ABUIASNumberView.m in Sources */ = {isa = PBXBuildFile; fileRef = F10F2F7F2522E6F400088B72 /* ABUIASNumberView.m */; };
		F10F301E252481E300088B72 /* ABTitleHeaderItemView.m in Sources */ = {isa = PBXBuildFile; fileRef = F10F301D252481E300088B72 /* ABTitleHeaderItemView.m */; };
		F10F3038252483DA00088B72 /* ABUIListViewTIItemView.m in Sources */ = {isa = PBXBuildFile; fileRef = F10F3037252483DA00088B72 /* ABUIListViewTIItemView.m */; };
		F11682C7249F6056004DD6B8 /* ABCountDownButton.m in Sources */ = {isa = PBXBuildFile; fileRef = F11682C6249F6056004DD6B8 /* ABCountDownButton.m */; };
		F11682D424A03B75004DD6B8 /* ABUITextField.m in Sources */ = {isa = PBXBuildFile; fileRef = F11682D324A03B75004DD6B8 /* ABUITextField.m */; };
		F116830024A1B432004DD6B8 /* ABUIBorderLabel.m in Sources */ = {isa = PBXBuildFile; fileRef = F11682FF24A1B432004DD6B8 /* ABUIBorderLabel.m */; };
		F11F7C3824BFF69500DB96B3 /* ABUIAnimateBanner.m in Sources */ = {isa = PBXBuildFile; fileRef = F11F7C3724BFF69500DB96B3 /* ABUIAnimateBanner.m */; };
		F11F7C3B24BFF98B00DB96B3 /* ABUIAnimateBannerRaw.m in Sources */ = {isa = PBXBuildFile; fileRef = F11F7C3A24BFF98B00DB96B3 /* ABUIAnimateBannerRaw.m */; };
		F121926724D16AD900630CA2 /* ABUIInputView.m in Sources */ = {isa = PBXBuildFile; fileRef = F121926624D16AD900630CA2 /* ABUIInputView.m */; };
		F12BB88F251C937B003CE49C /* ABUITabBarViewController.m in Sources */ = {isa = PBXBuildFile; fileRef = F12BB88E251C937B003CE49C /* ABUITabBarViewController.m */; };
		F12BB893251C9400003CE49C /* ABUITabBarItem.m in Sources */ = {isa = PBXBuildFile; fileRef = F12BB892251C9400003CE49C /* ABUITabBarItem.m */; };
		F12BB8D2251C976E003CE49C /* ABUINavigationController.m in Sources */ = {isa = PBXBuildFile; fileRef = F12BB8D1251C976E003CE49C /* ABUINavigationController.m */; };
		F12BB977251DD1CD003CE49C /* UIFont+AB.m in Sources */ = {isa = PBXBuildFile; fileRef = F12BB976251DD1CD003CE49C /* UIFont+AB.m */; };
		F135605525BFF33900BE872F /* ABUISkuTopView.m in Sources */ = {isa = PBXBuildFile; fileRef = F135605425BFF33900BE872F /* ABUISkuTopView.m */; };
		F135606E25C0042800BE872F /* sku.json in Resources */ = {isa = PBXBuildFile; fileRef = F135606D25C0042800BE872F /* sku.json */; };
		F142507D249AFCBC003E83D8 /* ABUIListViewCSS.m in Sources */ = {isa = PBXBuildFile; fileRef = F142507C249AFCBC003E83D8 /* ABUIListViewCSS.m */; };
		F1425080249B0A97003E83D8 /* ABUIWebView.m in Sources */ = {isa = PBXBuildFile; fileRef = F142507F249B0A97003E83D8 /* ABUIWebView.m */; };
		F1425089249B2022003E83D8 /* web.html in Resources */ = {isa = PBXBuildFile; fileRef = F1425088249B2022003E83D8 /* web.html */; };
		F142508C249B4900003E83D8 /* ABUIWebViewController.m in Sources */ = {isa = PBXBuildFile; fileRef = F142508B249B4900003E83D8 /* ABUIWebViewController.m */; };
		F142508F249B5454003E83D8 /* ABUITextView.m in Sources */ = {isa = PBXBuildFile; fileRef = F142508E249B5454003E83D8 /* ABUITextView.m */; };
		F148937225BAB35D00F64923 /* ABUISkuHelper.m in Sources */ = {isa = PBXBuildFile; fileRef = F148937125BAB35D00F64923 /* ABUISkuHelper.m */; };
		F14BB6E8256F5C6A00348433 /* ABUISearchBar.m in Sources */ = {isa = PBXBuildFile; fileRef = F14BB6E7256F5C6A00348433 /* ABUISearchBar.m */; };
		F14BB72E2570A63700348433 /* ABUISeatView.m in Sources */ = {isa = PBXBuildFile; fileRef = F14BB72D2570A63700348433 /* ABUISeatView.m */; };
		F14BB7542570DBB600348433 /* ABUINavigationBar.m in Sources */ = {isa = PBXBuildFile; fileRef = F14BB7532570DBB500348433 /* ABUINavigationBar.m */; };
		F14C35E224760B750060D435 /* AppDelegate.m in Sources */ = {isa = PBXBuildFile; fileRef = F14C35E124760B750060D435 /* AppDelegate.m */; };
		F14C35E824760B750060D435 /* ViewController.m in Sources */ = {isa = PBXBuildFile; fileRef = F14C35E724760B750060D435 /* ViewController.m */; };
		F14C35ED24760B790060D435 /* Assets.xcassets in Resources */ = {isa = PBXBuildFile; fileRef = F14C35EC24760B790060D435 /* Assets.xcassets */; };
		F14C35F024760B790060D435 /* LaunchScreen.storyboard in Resources */ = {isa = PBXBuildFile; fileRef = F14C35EE24760B790060D435 /* LaunchScreen.storyboard */; };
		F14C35F324760B790060D435 /* main.m in Sources */ = {isa = PBXBuildFile; fileRef = F14C35F224760B790060D435 /* main.m */; };
		F14C362924760FDC0060D435 /* ABUIViewController.m in Sources */ = {isa = PBXBuildFile; fileRef = F14C35FA24760FDC0060D435 /* ABUIViewController.m */; };
		F14C362A24760FDC0060D435 /* ABUILabel.m in Sources */ = {isa = PBXBuildFile; fileRef = F14C35FD24760FDC0060D435 /* ABUILabel.m */; };
		F14C362B24760FDC0060D435 /* ABUIColor.m in Sources */ = {isa = PBXBuildFile; fileRef = F14C35FF24760FDC0060D435 /* ABUIColor.m */; };
		F14C362E24760FDC0060D435 /* ABUIListViewController.m in Sources */ = {isa = PBXBuildFile; fileRef = F14C360724760FDC0060D435 /* ABUIListViewController.m */; };
		F14C362F24760FDC0060D435 /* ABUIListReusableView.m in Sources */ = {isa = PBXBuildFile; fileRef = F14C360E24760FDC0060D435 /* ABUIListReusableView.m */; };
		F14C363024760FDC0060D435 /* ABUIListViewCell.m in Sources */ = {isa = PBXBuildFile; fileRef = F14C360F24760FDC0060D435 /* ABUIListViewCell.m */; };
		F14C363124760FDC0060D435 /* ABUIListViewTemplete.json in Resources */ = {isa = PBXBuildFile; fileRef = F14C361024760FDC0060D435 /* ABUIListViewTemplete.json */; };
		F14C363224760FDC0060D435 /* ABUIListView.m in Sources */ = {isa = PBXBuildFile; fileRef = F14C361124760FDC0060D435 /* ABUIListView.m */; };
		F14C363324760FDC0060D435 /* ABUIListViewMapping.m in Sources */ = {isa = PBXBuildFile; fileRef = F14C361224760FDC0060D435 /* ABUIListViewMapping.m */; };
		F14C363424760FDC0060D435 /* ABUIScrollView.m in Sources */ = {isa = PBXBuildFile; fileRef = F14C361424760FDC0060D435 /* ABUIScrollView.m */; };
		F14C363524760FDC0060D435 /* UIApplication+AB.m in Sources */ = {isa = PBXBuildFile; fileRef = F14C361724760FDC0060D435 /* UIApplication+AB.m */; };
		F14C363624760FDC0060D435 /* NSString+AB.m in Sources */ = {isa = PBXBuildFile; fileRef = F14C361924760FDC0060D435 /* NSString+AB.m */; };
		F14C363724760FDC0060D435 /* UIColor+AB.m in Sources */ = {isa = PBXBuildFile; fileRef = F14C361E24760FDC0060D435 /* UIColor+AB.m */; };
		F14C363824760FDC0060D435 /* UILabel+AB.m in Sources */ = {isa = PBXBuildFile; fileRef = F14C362024760FDC0060D435 /* UILabel+AB.m */; };
		F14C363924760FDC0060D435 /* UIView+AB.m in Sources */ = {isa = PBXBuildFile; fileRef = F14C362224760FDC0060D435 /* UIView+AB.m */; };
		F14C363A24760FDC0060D435 /* NSDictionary+AB.m in Sources */ = {isa = PBXBuildFile; fileRef = F14C362424760FDC0060D435 /* NSDictionary+AB.m */; };
		F14C363B24760FDC0060D435 /* UIImageView+AB.m in Sources */ = {isa = PBXBuildFile; fileRef = F14C362524760FDC0060D435 /* UIImageView+AB.m */; };
		F14C363C24760FDC0060D435 /* UIImage+AB.m in Sources */ = {isa = PBXBuildFile; fileRef = F14C362624760FDC0060D435 /* UIImage+AB.m */; };
		F14C363D24760FDC0060D435 /* UIViewController+AB.m in Sources */ = {isa = PBXBuildFile; fileRef = F14C362824760FDC0060D435 /* UIViewController+AB.m */; };
		F154722924C12EBA00BC6457 /* ABUIAnimateBannerConfig.m in Sources */ = {isa = PBXBuildFile; fileRef = F154722824C12EBA00BC6457 /* ABUIAnimateBannerConfig.m */; };
		F154722F24C1427200BC6457 /* ABUITips.m in Sources */ = {isa = PBXBuildFile; fileRef = F154722E24C1427200BC6457 /* ABUITips.m */; };
		F15ACDEF25121B8E006F2D9E /* ABUIChatView.m in Sources */ = {isa = PBXBuildFile; fileRef = F15ACDEE25121B8E006F2D9E /* ABUIChatView.m */; };
		F15ACDF225121BDA006F2D9E /* ABUIChatBottomBar.m in Sources */ = {isa = PBXBuildFile; fileRef = F15ACDF125121BDA006F2D9E /* ABUIChatBottomBar.m */; };
		F165A7902556448300107ABB /* ABUIChatFaceView.m in Sources */ = {isa = PBXBuildFile; fileRef = F165A78F2556448300107ABB /* ABUIChatFaceView.m */; };
		F165A7942556449500107ABB /* ABUIChatMutiFuncView.m in Sources */ = {isa = PBXBuildFile; fileRef = F165A7932556449500107ABB /* ABUIChatMutiFuncView.m */; };
		F165A904255A9CBE00107ABB /* ABUIListViewHorizontalLayout.m in Sources */ = {isa = PBXBuildFile; fileRef = F165A903255A9CBE00107ABB /* ABUIListViewHorizontalLayout.m */; };
		F165A922255B6C5500107ABB /* ABUIListViewConfigure.m in Sources */ = {isa = PBXBuildFile; fileRef = F165A921255B6C5500107ABB /* ABUIListViewConfigure.m */; };
		F165A926255B6C6500107ABB /* ABUIListViewHelper.m in Sources */ = {isa = PBXBuildFile; fileRef = F165A925255B6C6500107ABB /* ABUIListViewHelper.m */; };
		F16A5377258749E200C42C3F /* ABUIProgressView.m in Sources */ = {isa = PBXBuildFile; fileRef = F16A5376258749E200C42C3F /* ABUIProgressView.m */; };
		F16A543D2589939400C42C3F /* ABUIWebViewController.m in Sources */ = {isa = PBXBuildFile; fileRef = F16A543C2589939400C42C3F /* ABUIWebViewController.m */; };
		F16CBB0E24AD76C700CA6C18 /* ABUITextInput.m in Sources */ = {isa = PBXBuildFile; fileRef = F16CBB0D24AD76C700CA6C18 /* ABUITextInput.m */; };
		F16CBB1424ADB13B00CA6C18 /* ABUICodeInput.m in Sources */ = {isa = PBXBuildFile; fileRef = F16CBB1324ADB13B00CA6C18 /* ABUICodeInput.m */; };
		F16CBB1724ADE3D300CA6C18 /* ABUIPopUp.m in Sources */ = {isa = PBXBuildFile; fileRef = F16CBB1624ADE3D300CA6C18 /* ABUIPopUp.m */; };
		F16CBB1A24ADE7D700CA6C18 /* NSArray+AB.m in Sources */ = {isa = PBXBuildFile; fileRef = F16CBB1924ADE7D700CA6C18 /* NSArray+AB.m */; };
		F17513DA24F3671F008729D7 /* ABUIRefreshListView.m in Sources */ = {isa = PBXBuildFile; fileRef = F17513D924F3671F008729D7 /* ABUIRefreshListView.m */; };
		F1942FE725F6241B00084F89 /* ABWXPwdPopup.m in Sources */ = {isa = PBXBuildFile; fileRef = F1942FE625F6241B00084F89 /* ABWXPwdPopup.m */; };
		F1A4D88524C59F92003A6031 /* ABUICheckBox.m in Sources */ = {isa = PBXBuildFile; fileRef = F1A4D88424C59F92003A6031 /* ABUICheckBox.m */; };
		F1A4D88E24C6C2F7003A6031 /* ABUICollectionView.m in Sources */ = {isa = PBXBuildFile; fileRef = F1A4D88D24C6C2F7003A6031 /* ABUICollectionView.m */; };
		F1B0395724FF86F6008B02C1 /* ABUIMoneyInput.m in Sources */ = {isa = PBXBuildFile; fileRef = F1B0395624FF86F6008B02C1 /* ABUIMoneyInput.m */; };
		F1B92F712591FA320023382F /* ABUIDocumentFileCell.m in Sources */ = {isa = PBXBuildFile; fileRef = F1B92F702591FA320023382F /* ABUIDocumentFileCell.m */; };
		F1BE0F43254F9D4A00F53BCF /* ABUIChatItemTimeView.m in Sources */ = {isa = PBXBuildFile; fileRef = F1BE0F42254F9D4A00F53BCF /* ABUIChatItemTimeView.m */; };
		F1BE0F4B254F9D9E00F53BCF /* ABUIChatItemImageView.m in Sources */ = {isa = PBXBuildFile; fileRef = F1BE0F4A254F9D9E00F53BCF /* ABUIChatItemImageView.m */; };
		F1BE0F53254F9E0500F53BCF /* ABUIChatItemLBSView.m in Sources */ = {isa = PBXBuildFile; fileRef = F1BE0F52254F9E0500F53BCF /* ABUIChatItemLBSView.m */; };
		F1BE0F58254F9E2300F53BCF /* ABUIChatItemAudioView.m in Sources */ = {isa = PBXBuildFile; fileRef = F1BE0F57254F9E2300F53BCF /* ABUIChatItemAudioView.m */; };
		F1BE0F5C254F9E4400F53BCF /* ABUIChatItemVideoView.m in Sources */ = {isa = PBXBuildFile; fileRef = F1BE0F5B254F9E4400F53BCF /* ABUIChatItemVideoView.m */; };
		F1BE0F74254FA3B900F53BCF /* ABUIChatItemTextView.m in Sources */ = {isa = PBXBuildFile; fileRef = F1BE0F73254FA3B900F53BCF /* ABUIChatItemTextView.m */; };
		F1BE0F8C254FA69800F53BCF /* Emoji.xcassets in Resources */ = {isa = PBXBuildFile; fileRef = F1BE0F8B254FA69700F53BCF /* Emoji.xcassets */; };
		F1BE0F90254FADCE00F53BCF /* ABUIChatItemBaseView.m in Sources */ = {isa = PBXBuildFile; fileRef = F1BE0F8F254FADCE00F53BCF /* ABUIChatItemBaseView.m */; };
		F1BE0FA82550FB8700F53BCF /* ABUIChatHelper.m in Sources */ = {isa = PBXBuildFile; fileRef = F1BE0FA72550FB8700F53BCF /* ABUIChatHelper.m */; };
		F1BE0FC025510C2800F53BCF /* ABUIChatConfirgure.m in Sources */ = {isa = PBXBuildFile; fileRef = F1BE0FBF25510C2800F53BCF /* ABUIChatConfirgure.m */; };
		F1C12AD125F9BAE8007A17BF /* ABUIListView001ItemView.m in Sources */ = {isa = PBXBuildFile; fileRef = F1C12AD025F9BAE8007A17BF /* ABUIListView001ItemView.m */; };
		F1C12AD625F9BB4B007A17BF /* ABUIListView002ItemView.m in Sources */ = {isa = PBXBuildFile; fileRef = F1C12AD525F9BB4B007A17BF /* ABUIListView002ItemView.m */; };
		F1C12ADA25F9BB62007A17BF /* ABUIListView003ItemView.m in Sources */ = {isa = PBXBuildFile; fileRef = F1C12AD925F9BB62007A17BF /* ABUIListView003ItemView.m */; };
		F1C12ADE25F9BB6F007A17BF /* ABUIListView004ItemView.m in Sources */ = {isa = PBXBuildFile; fileRef = F1C12ADD25F9BB6F007A17BF /* ABUIListView004ItemView.m */; };
		F1C12AE225F9BB78007A17BF /* ABUIListView005ItemView.m in Sources */ = {isa = PBXBuildFile; fileRef = F1C12AE125F9BB78007A17BF /* ABUIListView005ItemView.m */; };
		F1C12AE625F9BB86007A17BF /* ABUIListView006ItemView.m in Sources */ = {isa = PBXBuildFile; fileRef = F1C12AE525F9BB86007A17BF /* ABUIListView006ItemView.m */; };
		F1C12B0225F9F2B5007A17BF /* ABUIListView007ItemView.m in Sources */ = {isa = PBXBuildFile; fileRef = F1C12B0125F9F2B5007A17BF /* ABUIListView007ItemView.m */; };
		F1C12B0625F9F2C0007A17BF /* ABUIListView008ItemView.m in Sources */ = {isa = PBXBuildFile; fileRef = F1C12B0525F9F2C0007A17BF /* ABUIListView008ItemView.m */; };
		F1C12B0A25F9F2CA007A17BF /* ABUIListView009ItemView.m in Sources */ = {isa = PBXBuildFile; fileRef = F1C12B0925F9F2CA007A17BF /* ABUIListView009ItemView.m */; };
		F1C12B0E25F9F34E007A17BF /* ABUIListView010ItemView.m in Sources */ = {isa = PBXBuildFile; fileRef = F1C12B0D25F9F34E007A17BF /* ABUIListView010ItemView.m */; };
		F1C12B1225F9F358007A17BF /* ABUIListView011ItemView.m in Sources */ = {isa = PBXBuildFile; fileRef = F1C12B1125F9F358007A17BF /* ABUIListView011ItemView.m */; };
		F1C12B1625F9F361007A17BF /* ABUIListView012ItemView.m in Sources */ = {isa = PBXBuildFile; fileRef = F1C12B1525F9F361007A17BF /* ABUIListView012ItemView.m */; };
		F1C12B4D25FA0106007A17BF /* ABUIPicker.m in Sources */ = {isa = PBXBuildFile; fileRef = F1C12B4C25FA0106007A17BF /* ABUIPicker.m */; };
		F1C12B5125FA0134007A17BF /* province_data.xml in Resources */ = {isa = PBXBuildFile; fileRef = F1C12B4F25FA0134007A17BF /* province_data.xml */; };
		F1C12B5225FA0134007A17BF /* province_data.json in Resources */ = {isa = PBXBuildFile; fileRef = F1C12B5025FA0134007A17BF /* province_data.json */; };
		F1C12B5E25FA01AA007A17BF /* ABUIPhotoView.m in Sources */ = {isa = PBXBuildFile; fileRef = F1C12B5D25FA01AA007A17BF /* ABUIPhotoView.m */; };
		F1C12B6225FA0552007A17BF /* ABUIPickerView.m in Sources */ = {isa = PBXBuildFile; fileRef = F1C12B6125FA0552007A17BF /* ABUIPickerView.m */; };
		F1C12B6625FA072C007A17BF /* ABUIPickerViewToolBar.m in Sources */ = {isa = PBXBuildFile; fileRef = F1C12B6525FA072C007A17BF /* ABUIPickerViewToolBar.m */; };
		F1C12B6A25FA0980007A17BF /* ABUIPhotoViewController.m in Sources */ = {isa = PBXBuildFile; fileRef = F1C12B6925FA0980007A17BF /* ABUIPhotoViewController.m */; };
		F1CAF798258AFB2400CD4D54 /* ABUIDocumentView.m in Sources */ = {isa = PBXBuildFile; fileRef = F1CAF797258AFB2400CD4D54 /* ABUIDocumentView.m */; };
		F1CBD9A3253FCCD200363B55 /* ABUIListViewStack.m in Sources */ = {isa = PBXBuildFile; fileRef = F1CBD9A2253FCCD200363B55 /* ABUIListViewStack.m */; };
		F1E87A2925BA5C840044C85F /* ABUISkuView.m in Sources */ = {isa = PBXBuildFile; fileRef = F1E87A2825BA5C840044C85F /* ABUISkuView.m */; };
		F1E87A2D25BA62980044C85F /* ABUISkuItemView.m in Sources */ = {isa = PBXBuildFile; fileRef = F1E87A2C25BA62980044C85F /* ABUISkuItemView.m */; };
		F1EF2178260B20D100BD8764 /* ABUIDatePickerView.m in Sources */ = {isa = PBXBuildFile; fileRef = F1EF2177260B20D100BD8764 /* ABUIDatePickerView.m */; };
		F1EF217C260B211200BD8764 /* ABUIAddressPickerView.m in Sources */ = {isa = PBXBuildFile; fileRef = F1EF217B260B211200BD8764 /* ABUIAddressPickerView.m */; };
		F1EFAB9425F9A33D001E46C4 /* ABUISettingViewController.m in Sources */ = {isa = PBXBuildFile; fileRef = F1EFAB9325F9A33D001E46C4 /* ABUISettingViewController.m */; };
		F1EFABAF25F9B0E6001E46C4 /* ABUIViewCreator.m in Sources */ = {isa = PBXBuildFile; fileRef = F1EFABAE25F9B0E6001E46C4 /* ABUIViewCreator.m */; };
/* End PBXBuildFile section */

/* Begin PBXFileReference section */
		13E13E842FB474A32A1BA94D /* Pods-ABUIKit.debug.xcconfig */ = {isa = PBXFileReference; includeInIndex = 1; lastKnownFileType = text.xcconfig; name = "Pods-ABUIKit.debug.xcconfig"; path = "Target Support Files/Pods-ABUIKit/Pods-ABUIKit.debug.xcconfig"; sourceTree = "<group>"; };
		4F9CDE74A8F60BF8DB3A72BB /* Pods-ABUIKit.release.xcconfig */ = {isa = PBXFileReference; includeInIndex = 1; lastKnownFileType = text.xcconfig; name = "Pods-ABUIKit.release.xcconfig"; path = "Target Support Files/Pods-ABUIKit/Pods-ABUIKit.release.xcconfig"; sourceTree = "<group>"; };
		EE8F0DB6084B1ACAB1B012AE /* libPods-ABUIKit.a */ = {isa = PBXFileReference; explicitFileType = archive.ar; includeInIndex = 0; path = "libPods-ABUIKit.a"; sourceTree = BUILT_PRODUCTS_DIR; };
		F10742A325ECC84F00A80933 /* ABAppDelegate.h */ = {isa = PBXFileReference; lastKnownFileType = sourcecode.c.h; path = ABAppDelegate.h; sourceTree = "<group>"; };
		F10742A425ECC84F00A80933 /* ABAppDelegate.m */ = {isa = PBXFileReference; lastKnownFileType = sourcecode.c.objc; path = ABAppDelegate.m; sourceTree = "<group>"; };
		F10D9F88252FF3FD005728B3 /* ABUIListViewSelectItemView.h */ = {isa = PBXFileReference; lastKnownFileType = sourcecode.c.h; path = ABUIListViewSelectItemView.h; sourceTree = "<group>"; };
		F10D9F89252FF3FD005728B3 /* ABUIListViewSelectItemView.m */ = {isa = PBXFileReference; lastKnownFileType = sourcecode.c.objc; path = ABUIListViewSelectItemView.m; sourceTree = "<group>"; };
		F10D9FB925300A18005728B3 /* ABUIListViewBaseItemView.h */ = {isa = PBXFileReference; lastKnownFileType = sourcecode.c.h; path = ABUIListViewBaseItemView.h; sourceTree = "<group>"; };
		F10D9FBA25300A18005728B3 /* ABUIListViewBaseItemView.m */ = {isa = PBXFileReference; lastKnownFileType = sourcecode.c.objc; path = ABUIListViewBaseItemView.m; sourceTree = "<group>"; };
		F10F2EB9251EF27400088B72 /* ABUIListViewFlowLayout.h */ = {isa = PBXFileReference; lastKnownFileType = sourcecode.c.h; path = ABUIListViewFlowLayout.h; sourceTree = "<group>"; };
		F10F2EBA251EF27400088B72 /* ABUIListViewFlowLayout.m */ = {isa = PBXFileReference; lastKnownFileType = sourcecode.c.objc; path = ABUIListViewFlowLayout.m; sourceTree = "<group>"; };
		F10F2F1E251F45B200088B72 /* ABUINavigationConfig.h */ = {isa = PBXFileReference; lastKnownFileType = sourcecode.c.h; path = ABUINavigationConfig.h; sourceTree = "<group>"; };
		F10F2F1F251F45B200088B72 /* ABUINavigationConfig.m */ = {isa = PBXFileReference; lastKnownFileType = sourcecode.c.objc; path = ABUINavigationConfig.m; sourceTree = "<group>"; };
		F10F2F7E2522E6F400088B72 /* ABUIASNumberView.h */ = {isa = PBXFileReference; lastKnownFileType = sourcecode.c.h; path = ABUIASNumberView.h; sourceTree = "<group>"; };
		F10F2F7F2522E6F400088B72 /* ABUIASNumberView.m */ = {isa = PBXFileReference; lastKnownFileType = sourcecode.c.objc; path = ABUIASNumberView.m; sourceTree = "<group>"; };
		F10F301C252481E300088B72 /* ABTitleHeaderItemView.h */ = {isa = PBXFileReference; lastKnownFileType = sourcecode.c.h; path = ABTitleHeaderItemView.h; sourceTree = "<group>"; };
		F10F301D252481E300088B72 /* ABTitleHeaderItemView.m */ = {isa = PBXFileReference; lastKnownFileType = sourcecode.c.objc; path = ABTitleHeaderItemView.m; sourceTree = "<group>"; };
		F10F3036252483DA00088B72 /* ABUIListViewTIItemView.h */ = {isa = PBXFileReference; lastKnownFileType = sourcecode.c.h; path = ABUIListViewTIItemView.h; sourceTree = "<group>"; };
		F10F3037252483DA00088B72 /* ABUIListViewTIItemView.m */ = {isa = PBXFileReference; lastKnownFileType = sourcecode.c.objc; path = ABUIListViewTIItemView.m; sourceTree = "<group>"; };
		F11682BC249F5ACA004DD6B8 /* ABExtension.h */ = {isa = PBXFileReference; lastKnownFileType = sourcecode.c.h; path = ABExtension.h; sourceTree = "<group>"; };
		F11682C5249F6056004DD6B8 /* ABCountDownButton.h */ = {isa = PBXFileReference; lastKnownFileType = sourcecode.c.h; path = ABCountDownButton.h; sourceTree = "<group>"; };
		F11682C6249F6056004DD6B8 /* ABCountDownButton.m */ = {isa = PBXFileReference; lastKnownFileType = sourcecode.c.objc; path = ABCountDownButton.m; sourceTree = "<group>"; };
		F11682D224A03B75004DD6B8 /* ABUITextField.h */ = {isa = PBXFileReference; lastKnownFileType = sourcecode.c.h; path = ABUITextField.h; sourceTree = "<group>"; };
		F11682D324A03B75004DD6B8 /* ABUITextField.m */ = {isa = PBXFileReference; lastKnownFileType = sourcecode.c.objc; path = ABUITextField.m; sourceTree = "<group>"; };
		F11682FE24A1B432004DD6B8 /* ABUIBorderLabel.h */ = {isa = PBXFileReference; lastKnownFileType = sourcecode.c.h; path = ABUIBorderLabel.h; sourceTree = "<group>"; };
		F11682FF24A1B432004DD6B8 /* ABUIBorderLabel.m */ = {isa = PBXFileReference; lastKnownFileType = sourcecode.c.objc; path = ABUIBorderLabel.m; sourceTree = "<group>"; };
		F11F7C3624BFF69500DB96B3 /* ABUIAnimateBanner.h */ = {isa = PBXFileReference; lastKnownFileType = sourcecode.c.h; path = ABUIAnimateBanner.h; sourceTree = "<group>"; };
		F11F7C3724BFF69500DB96B3 /* ABUIAnimateBanner.m */ = {isa = PBXFileReference; lastKnownFileType = sourcecode.c.objc; path = ABUIAnimateBanner.m; sourceTree = "<group>"; };
		F11F7C3924BFF98B00DB96B3 /* ABUIAnimateBannerRaw.h */ = {isa = PBXFileReference; lastKnownFileType = sourcecode.c.h; path = ABUIAnimateBannerRaw.h; sourceTree = "<group>"; };
		F11F7C3A24BFF98B00DB96B3 /* ABUIAnimateBannerRaw.m */ = {isa = PBXFileReference; lastKnownFileType = sourcecode.c.objc; path = ABUIAnimateBannerRaw.m; sourceTree = "<group>"; };
		F121926524D16AD900630CA2 /* ABUIInputView.h */ = {isa = PBXFileReference; lastKnownFileType = sourcecode.c.h; path = ABUIInputView.h; sourceTree = "<group>"; };
		F121926624D16AD900630CA2 /* ABUIInputView.m */ = {isa = PBXFileReference; lastKnownFileType = sourcecode.c.objc; path = ABUIInputView.m; sourceTree = "<group>"; };
		F12BB88D251C937B003CE49C /* ABUITabBarViewController.h */ = {isa = PBXFileReference; lastKnownFileType = sourcecode.c.h; path = ABUITabBarViewController.h; sourceTree = "<group>"; };
		F12BB88E251C937B003CE49C /* ABUITabBarViewController.m */ = {isa = PBXFileReference; lastKnownFileType = sourcecode.c.objc; path = ABUITabBarViewController.m; sourceTree = "<group>"; };
		F12BB891251C9400003CE49C /* ABUITabBarItem.h */ = {isa = PBXFileReference; lastKnownFileType = sourcecode.c.h; path = ABUITabBarItem.h; sourceTree = "<group>"; };
		F12BB892251C9400003CE49C /* ABUITabBarItem.m */ = {isa = PBXFileReference; lastKnownFileType = sourcecode.c.objc; path = ABUITabBarItem.m; sourceTree = "<group>"; };
		F12BB8D0251C976E003CE49C /* ABUINavigationController.h */ = {isa = PBXFileReference; lastKnownFileType = sourcecode.c.h; path = ABUINavigationController.h; sourceTree = "<group>"; };
		F12BB8D1251C976E003CE49C /* ABUINavigationController.m */ = {isa = PBXFileReference; lastKnownFileType = sourcecode.c.objc; path = ABUINavigationController.m; sourceTree = "<group>"; };
		F12BB975251DD1CD003CE49C /* UIFont+AB.h */ = {isa = PBXFileReference; lastKnownFileType = sourcecode.c.h; path = "UIFont+AB.h"; sourceTree = "<group>"; };
		F12BB976251DD1CD003CE49C /* UIFont+AB.m */ = {isa = PBXFileReference; lastKnownFileType = sourcecode.c.objc; path = "UIFont+AB.m"; sourceTree = "<group>"; };
		F135605325BFF33900BE872F /* ABUISkuTopView.h */ = {isa = PBXFileReference; lastKnownFileType = sourcecode.c.h; path = ABUISkuTopView.h; sourceTree = "<group>"; };
		F135605425BFF33900BE872F /* ABUISkuTopView.m */ = {isa = PBXFileReference; lastKnownFileType = sourcecode.c.objc; path = ABUISkuTopView.m; sourceTree = "<group>"; };
		F135606D25C0042800BE872F /* sku.json */ = {isa = PBXFileReference; fileEncoding = 4; lastKnownFileType = text.json; path = sku.json; sourceTree = "<group>"; };
		F142507B249AFCBC003E83D8 /* ABUIListViewCSS.h */ = {isa = PBXFileReference; lastKnownFileType = sourcecode.c.h; path = ABUIListViewCSS.h; sourceTree = "<group>"; };
		F142507C249AFCBC003E83D8 /* ABUIListViewCSS.m */ = {isa = PBXFileReference; lastKnownFileType = sourcecode.c.objc; path = ABUIListViewCSS.m; sourceTree = "<group>"; };
		F142507E249B0A97003E83D8 /* ABUIWebView.h */ = {isa = PBXFileReference; lastKnownFileType = sourcecode.c.h; path = ABUIWebView.h; sourceTree = "<group>"; };
		F142507F249B0A97003E83D8 /* ABUIWebView.m */ = {isa = PBXFileReference; lastKnownFileType = sourcecode.c.objc; path = ABUIWebView.m; sourceTree = "<group>"; };
		F1425088249B2022003E83D8 /* web.html */ = {isa = PBXFileReference; fileEncoding = 4; lastKnownFileType = text.html; path = web.html; sourceTree = "<group>"; };
		F142508A249B4900003E83D8 /* ABUIWebViewController.h */ = {isa = PBXFileReference; lastKnownFileType = sourcecode.c.h; path = ABUIWebViewController.h; sourceTree = "<group>"; };
		F142508B249B4900003E83D8 /* ABUIWebViewController.m */ = {isa = PBXFileReference; lastKnownFileType = sourcecode.c.objc; path = ABUIWebViewController.m; sourceTree = "<group>"; };
		F142508D249B5454003E83D8 /* ABUITextView.h */ = {isa = PBXFileReference; lastKnownFileType = sourcecode.c.h; path = ABUITextView.h; sourceTree = "<group>"; };
		F142508E249B5454003E83D8 /* ABUITextView.m */ = {isa = PBXFileReference; lastKnownFileType = sourcecode.c.objc; path = ABUITextView.m; sourceTree = "<group>"; };
		F148937025BAB35D00F64923 /* ABUISkuHelper.h */ = {isa = PBXFileReference; lastKnownFileType = sourcecode.c.h; path = ABUISkuHelper.h; sourceTree = "<group>"; };
		F148937125BAB35D00F64923 /* ABUISkuHelper.m */ = {isa = PBXFileReference; lastKnownFileType = sourcecode.c.objc; path = ABUISkuHelper.m; sourceTree = "<group>"; };
		F14BB6E6256F5C6A00348433 /* ABUISearchBar.h */ = {isa = PBXFileReference; lastKnownFileType = sourcecode.c.h; path = ABUISearchBar.h; sourceTree = "<group>"; };
		F14BB6E7256F5C6A00348433 /* ABUISearchBar.m */ = {isa = PBXFileReference; lastKnownFileType = sourcecode.c.objc; path = ABUISearchBar.m; sourceTree = "<group>"; };
		F14BB72C2570A63700348433 /* ABUISeatView.h */ = {isa = PBXFileReference; lastKnownFileType = sourcecode.c.h; path = ABUISeatView.h; sourceTree = "<group>"; };
		F14BB72D2570A63700348433 /* ABUISeatView.m */ = {isa = PBXFileReference; lastKnownFileType = sourcecode.c.objc; path = ABUISeatView.m; sourceTree = "<group>"; };
		F14BB7522570DBB500348433 /* ABUINavigationBar.h */ = {isa = PBXFileReference; lastKnownFileType = sourcecode.c.h; path = ABUINavigationBar.h; sourceTree = "<group>"; };
		F14BB7532570DBB500348433 /* ABUINavigationBar.m */ = {isa = PBXFileReference; lastKnownFileType = sourcecode.c.objc; path = ABUINavigationBar.m; sourceTree = "<group>"; };
		F14C35DD24760B750060D435 /* ABUIKit.app */ = {isa = PBXFileReference; explicitFileType = wrapper.application; includeInIndex = 0; path = ABUIKit.app; sourceTree = BUILT_PRODUCTS_DIR; };
		F14C35E024760B750060D435 /* AppDelegate.h */ = {isa = PBXFileReference; lastKnownFileType = sourcecode.c.h; path = AppDelegate.h; sourceTree = "<group>"; };
		F14C35E124760B750060D435 /* AppDelegate.m */ = {isa = PBXFileReference; lastKnownFileType = sourcecode.c.objc; path = AppDelegate.m; sourceTree = "<group>"; };
		F14C35E624760B750060D435 /* ViewController.h */ = {isa = PBXFileReference; lastKnownFileType = sourcecode.c.h; path = ViewController.h; sourceTree = "<group>"; };
		F14C35E724760B750060D435 /* ViewController.m */ = {isa = PBXFileReference; lastKnownFileType = sourcecode.c.objc; path = ViewController.m; sourceTree = "<group>"; };
		F14C35EC24760B790060D435 /* Assets.xcassets */ = {isa = PBXFileReference; lastKnownFileType = folder.assetcatalog; path = Assets.xcassets; sourceTree = "<group>"; };
		F14C35EF24760B790060D435 /* Base */ = {isa = PBXFileReference; lastKnownFileType = file.storyboard; name = Base; path = Base.lproj/LaunchScreen.storyboard; sourceTree = "<group>"; };
		F14C35F124760B790060D435 /* Info.plist */ = {isa = PBXFileReference; lastKnownFileType = text.plist.xml; path = Info.plist; sourceTree = "<group>"; };
		F14C35F224760B790060D435 /* main.m */ = {isa = PBXFileReference; lastKnownFileType = sourcecode.c.objc; path = main.m; sourceTree = "<group>"; };
		F14C35FA24760FDC0060D435 /* ABUIViewController.m */ = {isa = PBXFileReference; fileEncoding = 4; lastKnownFileType = sourcecode.c.objc; path = ABUIViewController.m; sourceTree = "<group>"; };
		F14C35FB24760FDC0060D435 /* ABUIKitCore.h */ = {isa = PBXFileReference; fileEncoding = 4; lastKnownFileType = sourcecode.c.h; path = ABUIKitCore.h; sourceTree = "<group>"; };
		F14C35FD24760FDC0060D435 /* ABUILabel.m */ = {isa = PBXFileReference; fileEncoding = 4; lastKnownFileType = sourcecode.c.objc; path = ABUILabel.m; sourceTree = "<group>"; };
		F14C35FF24760FDC0060D435 /* ABUIColor.m */ = {isa = PBXFileReference; fileEncoding = 4; lastKnownFileType = sourcecode.c.objc; path = ABUIColor.m; sourceTree = "<group>"; };
		F14C360024760FDC0060D435 /* ABUIScrollView.h */ = {isa = PBXFileReference; fileEncoding = 4; lastKnownFileType = sourcecode.c.h; path = ABUIScrollView.h; sourceTree = "<group>"; };
		F14C360124760FDC0060D435 /* ABUIKit.h */ = {isa = PBXFileReference; fileEncoding = 4; lastKnownFileType = sourcecode.c.h; path = ABUIKit.h; sourceTree = "<group>"; };
		F14C360224760FDC0060D435 /* ABUIViewController.h */ = {isa = PBXFileReference; fileEncoding = 4; lastKnownFileType = sourcecode.c.h; path = ABUIViewController.h; sourceTree = "<group>"; };
		F14C360424760FDC0060D435 /* ABUILabel.h */ = {isa = PBXFileReference; fileEncoding = 4; lastKnownFileType = sourcecode.c.h; path = ABUILabel.h; sourceTree = "<group>"; };
		F14C360724760FDC0060D435 /* ABUIListViewController.m */ = {isa = PBXFileReference; fileEncoding = 4; lastKnownFileType = sourcecode.c.objc; path = ABUIListViewController.m; sourceTree = "<group>"; };
		F14C360824760FDC0060D435 /* ABUIListViewCell.h */ = {isa = PBXFileReference; fileEncoding = 4; lastKnownFileType = sourcecode.c.h; path = ABUIListViewCell.h; sourceTree = "<group>"; };
		F14C360924760FDC0060D435 /* ABUIListReusableView.h */ = {isa = PBXFileReference; fileEncoding = 4; lastKnownFileType = sourcecode.c.h; path = ABUIListReusableView.h; sourceTree = "<group>"; };
		F14C360A24760FDC0060D435 /* ABUIListView.h */ = {isa = PBXFileReference; fileEncoding = 4; lastKnownFileType = sourcecode.c.h; path = ABUIListView.h; sourceTree = "<group>"; };
		F14C360B24760FDC0060D435 /* ABUIListViewMapping.h */ = {isa = PBXFileReference; fileEncoding = 4; lastKnownFileType = sourcecode.c.h; path = ABUIListViewMapping.h; sourceTree = "<group>"; };
		F14C360C24760FDC0060D435 /* ABUIListViewProtocols.h */ = {isa = PBXFileReference; fileEncoding = 4; lastKnownFileType = sourcecode.c.h; path = ABUIListViewProtocols.h; sourceTree = "<group>"; };
		F14C360D24760FDC0060D435 /* ABUIListViewController.h */ = {isa = PBXFileReference; fileEncoding = 4; lastKnownFileType = sourcecode.c.h; path = ABUIListViewController.h; sourceTree = "<group>"; };
		F14C360E24760FDC0060D435 /* ABUIListReusableView.m */ = {isa = PBXFileReference; fileEncoding = 4; lastKnownFileType = sourcecode.c.objc; path = ABUIListReusableView.m; sourceTree = "<group>"; };
		F14C360F24760FDC0060D435 /* ABUIListViewCell.m */ = {isa = PBXFileReference; fileEncoding = 4; lastKnownFileType = sourcecode.c.objc; path = ABUIListViewCell.m; sourceTree = "<group>"; };
		F14C361024760FDC0060D435 /* ABUIListViewTemplete.json */ = {isa = PBXFileReference; fileEncoding = 4; lastKnownFileType = text.json; path = ABUIListViewTemplete.json; sourceTree = "<group>"; };
		F14C361124760FDC0060D435 /* ABUIListView.m */ = {isa = PBXFileReference; fileEncoding = 4; lastKnownFileType = sourcecode.c.objc; path = ABUIListView.m; sourceTree = "<group>"; };
		F14C361224760FDC0060D435 /* ABUIListViewMapping.m */ = {isa = PBXFileReference; fileEncoding = 4; lastKnownFileType = sourcecode.c.objc; path = ABUIListViewMapping.m; sourceTree = "<group>"; };
		F14C361324760FDC0060D435 /* ABDefines.h */ = {isa = PBXFileReference; fileEncoding = 4; lastKnownFileType = sourcecode.c.h; path = ABDefines.h; sourceTree = "<group>"; };
		F14C361424760FDC0060D435 /* ABUIScrollView.m */ = {isa = PBXFileReference; fileEncoding = 4; lastKnownFileType = sourcecode.c.objc; path = ABUIScrollView.m; sourceTree = "<group>"; };
		F14C361524760FDC0060D435 /* ABUIColor.h */ = {isa = PBXFileReference; fileEncoding = 4; lastKnownFileType = sourcecode.c.h; path = ABUIColor.h; sourceTree = "<group>"; };
		F14C361724760FDC0060D435 /* UIApplication+AB.m */ = {isa = PBXFileReference; fileEncoding = 4; lastKnownFileType = sourcecode.c.objc; path = "UIApplication+AB.m"; sourceTree = "<group>"; };
		F14C361824760FDC0060D435 /* UIView+AB.h */ = {isa = PBXFileReference; fileEncoding = 4; lastKnownFileType = sourcecode.c.h; path = "UIView+AB.h"; sourceTree = "<group>"; };
		F14C361924760FDC0060D435 /* NSString+AB.m */ = {isa = PBXFileReference; fileEncoding = 4; lastKnownFileType = sourcecode.c.objc; path = "NSString+AB.m"; sourceTree = "<group>"; };
		F14C361A24760FDC0060D435 /* UILabel+AB.h */ = {isa = PBXFileReference; fileEncoding = 4; lastKnownFileType = sourcecode.c.h; path = "UILabel+AB.h"; sourceTree = "<group>"; };
		F14C361B24760FDC0060D435 /* UIImage+AB.h */ = {isa = PBXFileReference; fileEncoding = 4; lastKnownFileType = sourcecode.c.h; path = "UIImage+AB.h"; sourceTree = "<group>"; };
		F14C361C24760FDC0060D435 /* UIImageView+AB.h */ = {isa = PBXFileReference; fileEncoding = 4; lastKnownFileType = sourcecode.c.h; path = "UIImageView+AB.h"; sourceTree = "<group>"; };
		F14C361D24760FDC0060D435 /* NSDictionary+AB.h */ = {isa = PBXFileReference; fileEncoding = 4; lastKnownFileType = sourcecode.c.h; path = "NSDictionary+AB.h"; sourceTree = "<group>"; };
		F14C361E24760FDC0060D435 /* UIColor+AB.m */ = {isa = PBXFileReference; fileEncoding = 4; lastKnownFileType = sourcecode.c.objc; path = "UIColor+AB.m"; sourceTree = "<group>"; };
		F14C361F24760FDC0060D435 /* UIViewController+AB.h */ = {isa = PBXFileReference; fileEncoding = 4; lastKnownFileType = sourcecode.c.h; path = "UIViewController+AB.h"; sourceTree = "<group>"; };
		F14C362024760FDC0060D435 /* UILabel+AB.m */ = {isa = PBXFileReference; fileEncoding = 4; lastKnownFileType = sourcecode.c.objc; path = "UILabel+AB.m"; sourceTree = "<group>"; };
		F14C362124760FDC0060D435 /* NSString+AB.h */ = {isa = PBXFileReference; fileEncoding = 4; lastKnownFileType = sourcecode.c.h; path = "NSString+AB.h"; sourceTree = "<group>"; };
		F14C362224760FDC0060D435 /* UIView+AB.m */ = {isa = PBXFileReference; fileEncoding = 4; lastKnownFileType = sourcecode.c.objc; path = "UIView+AB.m"; sourceTree = "<group>"; };
		F14C362324760FDC0060D435 /* UIApplication+AB.h */ = {isa = PBXFileReference; fileEncoding = 4; lastKnownFileType = sourcecode.c.h; path = "UIApplication+AB.h"; sourceTree = "<group>"; };
		F14C362424760FDC0060D435 /* NSDictionary+AB.m */ = {isa = PBXFileReference; fileEncoding = 4; lastKnownFileType = sourcecode.c.objc; path = "NSDictionary+AB.m"; sourceTree = "<group>"; };
		F14C362524760FDC0060D435 /* UIImageView+AB.m */ = {isa = PBXFileReference; fileEncoding = 4; lastKnownFileType = sourcecode.c.objc; path = "UIImageView+AB.m"; sourceTree = "<group>"; };
		F14C362624760FDC0060D435 /* UIImage+AB.m */ = {isa = PBXFileReference; fileEncoding = 4; lastKnownFileType = sourcecode.c.objc; path = "UIImage+AB.m"; sourceTree = "<group>"; };
		F14C362724760FDC0060D435 /* UIColor+AB.h */ = {isa = PBXFileReference; fileEncoding = 4; lastKnownFileType = sourcecode.c.h; path = "UIColor+AB.h"; sourceTree = "<group>"; };
		F14C362824760FDC0060D435 /* UIViewController+AB.m */ = {isa = PBXFileReference; fileEncoding = 4; lastKnownFileType = sourcecode.c.objc; path = "UIViewController+AB.m"; sourceTree = "<group>"; };
		F154722624C12BCF00BC6457 /* ABUIAnimateBannerRawProtocol.h */ = {isa = PBXFileReference; lastKnownFileType = sourcecode.c.h; path = ABUIAnimateBannerRawProtocol.h; sourceTree = "<group>"; };
		F154722724C12EBA00BC6457 /* ABUIAnimateBannerConfig.h */ = {isa = PBXFileReference; lastKnownFileType = sourcecode.c.h; path = ABUIAnimateBannerConfig.h; sourceTree = "<group>"; };
		F154722824C12EBA00BC6457 /* ABUIAnimateBannerConfig.m */ = {isa = PBXFileReference; lastKnownFileType = sourcecode.c.objc; path = ABUIAnimateBannerConfig.m; sourceTree = "<group>"; };
		F154722D24C1427200BC6457 /* ABUITips.h */ = {isa = PBXFileReference; lastKnownFileType = sourcecode.c.h; path = ABUITips.h; sourceTree = "<group>"; };
		F154722E24C1427200BC6457 /* ABUITips.m */ = {isa = PBXFileReference; lastKnownFileType = sourcecode.c.objc; path = ABUITips.m; sourceTree = "<group>"; };
		F15ACDED25121B8E006F2D9E /* ABUIChatView.h */ = {isa = PBXFileReference; lastKnownFileType = sourcecode.c.h; path = ABUIChatView.h; sourceTree = "<group>"; };
		F15ACDEE25121B8E006F2D9E /* ABUIChatView.m */ = {isa = PBXFileReference; lastKnownFileType = sourcecode.c.objc; path = ABUIChatView.m; sourceTree = "<group>"; };
		F15ACDF025121BDA006F2D9E /* ABUIChatBottomBar.h */ = {isa = PBXFileReference; lastKnownFileType = sourcecode.c.h; path = ABUIChatBottomBar.h; sourceTree = "<group>"; };
		F15ACDF125121BDA006F2D9E /* ABUIChatBottomBar.m */ = {isa = PBXFileReference; lastKnownFileType = sourcecode.c.objc; path = ABUIChatBottomBar.m; sourceTree = "<group>"; };
		F165A78E2556448300107ABB /* ABUIChatFaceView.h */ = {isa = PBXFileReference; lastKnownFileType = sourcecode.c.h; path = ABUIChatFaceView.h; sourceTree = "<group>"; };
		F165A78F2556448300107ABB /* ABUIChatFaceView.m */ = {isa = PBXFileReference; lastKnownFileType = sourcecode.c.objc; path = ABUIChatFaceView.m; sourceTree = "<group>"; };
		F165A7922556449500107ABB /* ABUIChatMutiFuncView.h */ = {isa = PBXFileReference; lastKnownFileType = sourcecode.c.h; path = ABUIChatMutiFuncView.h; sourceTree = "<group>"; };
		F165A7932556449500107ABB /* ABUIChatMutiFuncView.m */ = {isa = PBXFileReference; lastKnownFileType = sourcecode.c.objc; path = ABUIChatMutiFuncView.m; sourceTree = "<group>"; };
		F165A902255A9CBE00107ABB /* ABUIListViewHorizontalLayout.h */ = {isa = PBXFileReference; lastKnownFileType = sourcecode.c.h; path = ABUIListViewHorizontalLayout.h; sourceTree = "<group>"; };
		F165A903255A9CBE00107ABB /* ABUIListViewHorizontalLayout.m */ = {isa = PBXFileReference; lastKnownFileType = sourcecode.c.objc; path = ABUIListViewHorizontalLayout.m; sourceTree = "<group>"; };
		F165A920255B6C5500107ABB /* ABUIListViewConfigure.h */ = {isa = PBXFileReference; lastKnownFileType = sourcecode.c.h; path = ABUIListViewConfigure.h; sourceTree = "<group>"; };
		F165A921255B6C5500107ABB /* ABUIListViewConfigure.m */ = {isa = PBXFileReference; lastKnownFileType = sourcecode.c.objc; path = ABUIListViewConfigure.m; sourceTree = "<group>"; };
		F165A924255B6C6500107ABB /* ABUIListViewHelper.h */ = {isa = PBXFileReference; lastKnownFileType = sourcecode.c.h; path = ABUIListViewHelper.h; sourceTree = "<group>"; };
		F165A925255B6C6500107ABB /* ABUIListViewHelper.m */ = {isa = PBXFileReference; lastKnownFileType = sourcecode.c.objc; path = ABUIListViewHelper.m; sourceTree = "<group>"; };
		F16A5375258749E200C42C3F /* ABUIProgressView.h */ = {isa = PBXFileReference; lastKnownFileType = sourcecode.c.h; path = ABUIProgressView.h; sourceTree = "<group>"; };
		F16A5376258749E200C42C3F /* ABUIProgressView.m */ = {isa = PBXFileReference; lastKnownFileType = sourcecode.c.objc; path = ABUIProgressView.m; sourceTree = "<group>"; };
		F16A543B2589939400C42C3F /* ABUIWebViewController.h */ = {isa = PBXFileReference; lastKnownFileType = sourcecode.c.h; path = ABUIWebViewController.h; sourceTree = "<group>"; };
		F16A543C2589939400C42C3F /* ABUIWebViewController.m */ = {isa = PBXFileReference; lastKnownFileType = sourcecode.c.objc; path = ABUIWebViewController.m; sourceTree = "<group>"; };
		F16CBB0C24AD76C700CA6C18 /* ABUITextInput.h */ = {isa = PBXFileReference; lastKnownFileType = sourcecode.c.h; path = ABUITextInput.h; sourceTree = "<group>"; };
		F16CBB0D24AD76C700CA6C18 /* ABUITextInput.m */ = {isa = PBXFileReference; lastKnownFileType = sourcecode.c.objc; path = ABUITextInput.m; sourceTree = "<group>"; };
		F16CBB1224ADB13B00CA6C18 /* ABUICodeInput.h */ = {isa = PBXFileReference; lastKnownFileType = sourcecode.c.h; path = ABUICodeInput.h; sourceTree = "<group>"; };
		F16CBB1324ADB13B00CA6C18 /* ABUICodeInput.m */ = {isa = PBXFileReference; lastKnownFileType = sourcecode.c.objc; path = ABUICodeInput.m; sourceTree = "<group>"; };
		F16CBB1524ADE3D300CA6C18 /* ABUIPopUp.h */ = {isa = PBXFileReference; lastKnownFileType = sourcecode.c.h; path = ABUIPopUp.h; sourceTree = "<group>"; };
		F16CBB1624ADE3D300CA6C18 /* ABUIPopUp.m */ = {isa = PBXFileReference; lastKnownFileType = sourcecode.c.objc; path = ABUIPopUp.m; sourceTree = "<group>"; };
		F16CBB1824ADE7D700CA6C18 /* NSArray+AB.h */ = {isa = PBXFileReference; lastKnownFileType = sourcecode.c.h; path = "NSArray+AB.h"; sourceTree = "<group>"; };
		F16CBB1924ADE7D700CA6C18 /* NSArray+AB.m */ = {isa = PBXFileReference; lastKnownFileType = sourcecode.c.objc; path = "NSArray+AB.m"; sourceTree = "<group>"; };
		F17513D824F3671F008729D7 /* ABUIRefreshListView.h */ = {isa = PBXFileReference; lastKnownFileType = sourcecode.c.h; path = ABUIRefreshListView.h; sourceTree = "<group>"; };
		F17513D924F3671F008729D7 /* ABUIRefreshListView.m */ = {isa = PBXFileReference; lastKnownFileType = sourcecode.c.objc; path = ABUIRefreshListView.m; sourceTree = "<group>"; };
		F1942FE525F6241B00084F89 /* ABWXPwdPopup.h */ = {isa = PBXFileReference; lastKnownFileType = sourcecode.c.h; path = ABWXPwdPopup.h; sourceTree = "<group>"; };
		F1942FE625F6241B00084F89 /* ABWXPwdPopup.m */ = {isa = PBXFileReference; lastKnownFileType = sourcecode.c.objc; path = ABWXPwdPopup.m; sourceTree = "<group>"; };
		F1A4D88324C59F92003A6031 /* ABUICheckBox.h */ = {isa = PBXFileReference; lastKnownFileType = sourcecode.c.h; path = ABUICheckBox.h; sourceTree = "<group>"; };
		F1A4D88424C59F92003A6031 /* ABUICheckBox.m */ = {isa = PBXFileReference; lastKnownFileType = sourcecode.c.objc; path = ABUICheckBox.m; sourceTree = "<group>"; };
		F1A4D88C24C6C2F7003A6031 /* ABUICollectionView.h */ = {isa = PBXFileReference; lastKnownFileType = sourcecode.c.h; path = ABUICollectionView.h; sourceTree = "<group>"; };
		F1A4D88D24C6C2F7003A6031 /* ABUICollectionView.m */ = {isa = PBXFileReference; lastKnownFileType = sourcecode.c.objc; path = ABUICollectionView.m; sourceTree = "<group>"; };
		F1B0395524FF86F6008B02C1 /* ABUIMoneyInput.h */ = {isa = PBXFileReference; lastKnownFileType = sourcecode.c.h; path = ABUIMoneyInput.h; sourceTree = "<group>"; };
		F1B0395624FF86F6008B02C1 /* ABUIMoneyInput.m */ = {isa = PBXFileReference; lastKnownFileType = sourcecode.c.objc; path = ABUIMoneyInput.m; sourceTree = "<group>"; };
		F1B92F6F2591FA320023382F /* ABUIDocumentFileCell.h */ = {isa = PBXFileReference; lastKnownFileType = sourcecode.c.h; path = ABUIDocumentFileCell.h; sourceTree = "<group>"; };
		F1B92F702591FA320023382F /* ABUIDocumentFileCell.m */ = {isa = PBXFileReference; lastKnownFileType = sourcecode.c.objc; path = ABUIDocumentFileCell.m; sourceTree = "<group>"; };
		F1BE0F41254F9D4A00F53BCF /* ABUIChatItemTimeView.h */ = {isa = PBXFileReference; lastKnownFileType = sourcecode.c.h; path = ABUIChatItemTimeView.h; sourceTree = "<group>"; };
		F1BE0F42254F9D4A00F53BCF /* ABUIChatItemTimeView.m */ = {isa = PBXFileReference; lastKnownFileType = sourcecode.c.objc; path = ABUIChatItemTimeView.m; sourceTree = "<group>"; };
		F1BE0F49254F9D9E00F53BCF /* ABUIChatItemImageView.h */ = {isa = PBXFileReference; lastKnownFileType = sourcecode.c.h; path = ABUIChatItemImageView.h; sourceTree = "<group>"; };
		F1BE0F4A254F9D9E00F53BCF /* ABUIChatItemImageView.m */ = {isa = PBXFileReference; lastKnownFileType = sourcecode.c.objc; path = ABUIChatItemImageView.m; sourceTree = "<group>"; };
		F1BE0F51254F9E0500F53BCF /* ABUIChatItemLBSView.h */ = {isa = PBXFileReference; lastKnownFileType = sourcecode.c.h; path = ABUIChatItemLBSView.h; sourceTree = "<group>"; };
		F1BE0F52254F9E0500F53BCF /* ABUIChatItemLBSView.m */ = {isa = PBXFileReference; lastKnownFileType = sourcecode.c.objc; path = ABUIChatItemLBSView.m; sourceTree = "<group>"; };
		F1BE0F56254F9E2300F53BCF /* ABUIChatItemAudioView.h */ = {isa = PBXFileReference; lastKnownFileType = sourcecode.c.h; path = ABUIChatItemAudioView.h; sourceTree = "<group>"; };
		F1BE0F57254F9E2300F53BCF /* ABUIChatItemAudioView.m */ = {isa = PBXFileReference; lastKnownFileType = sourcecode.c.objc; path = ABUIChatItemAudioView.m; sourceTree = "<group>"; };
		F1BE0F5A254F9E4400F53BCF /* ABUIChatItemVideoView.h */ = {isa = PBXFileReference; lastKnownFileType = sourcecode.c.h; path = ABUIChatItemVideoView.h; sourceTree = "<group>"; };
		F1BE0F5B254F9E4400F53BCF /* ABUIChatItemVideoView.m */ = {isa = PBXFileReference; lastKnownFileType = sourcecode.c.objc; path = ABUIChatItemVideoView.m; sourceTree = "<group>"; };
		F1BE0F72254FA3B900F53BCF /* ABUIChatItemTextView.h */ = {isa = PBXFileReference; lastKnownFileType = sourcecode.c.h; path = ABUIChatItemTextView.h; sourceTree = "<group>"; };
		F1BE0F73254FA3B900F53BCF /* ABUIChatItemTextView.m */ = {isa = PBXFileReference; lastKnownFileType = sourcecode.c.objc; path = ABUIChatItemTextView.m; sourceTree = "<group>"; };
		F1BE0F8B254FA69700F53BCF /* Emoji.xcassets */ = {isa = PBXFileReference; lastKnownFileType = folder.assetcatalog; path = Emoji.xcassets; sourceTree = "<group>"; };
		F1BE0F8E254FADCE00F53BCF /* ABUIChatItemBaseView.h */ = {isa = PBXFileReference; lastKnownFileType = sourcecode.c.h; path = ABUIChatItemBaseView.h; sourceTree = "<group>"; };
		F1BE0F8F254FADCE00F53BCF /* ABUIChatItemBaseView.m */ = {isa = PBXFileReference; lastKnownFileType = sourcecode.c.objc; path = ABUIChatItemBaseView.m; sourceTree = "<group>"; };
		F1BE0FA62550FB8700F53BCF /* ABUIChatHelper.h */ = {isa = PBXFileReference; lastKnownFileType = sourcecode.c.h; path = ABUIChatHelper.h; sourceTree = "<group>"; };
		F1BE0FA72550FB8700F53BCF /* ABUIChatHelper.m */ = {isa = PBXFileReference; lastKnownFileType = sourcecode.c.objc; path = ABUIChatHelper.m; sourceTree = "<group>"; };
		F1BE0FBE25510C2800F53BCF /* ABUIChatConfirgure.h */ = {isa = PBXFileReference; lastKnownFileType = sourcecode.c.h; path = ABUIChatConfirgure.h; sourceTree = "<group>"; };
		F1BE0FBF25510C2800F53BCF /* ABUIChatConfirgure.m */ = {isa = PBXFileReference; lastKnownFileType = sourcecode.c.objc; path = ABUIChatConfirgure.m; sourceTree = "<group>"; };
		F1C12ACE25F9BAA8007A17BF /* ABUIListViewItems.h */ = {isa = PBXFileReference; lastKnownFileType = sourcecode.c.h; path = ABUIListViewItems.h; sourceTree = "<group>"; };
		F1C12ACF25F9BAE8007A17BF /* ABUIListView001ItemView.h */ = {isa = PBXFileReference; lastKnownFileType = sourcecode.c.h; path = ABUIListView001ItemView.h; sourceTree = "<group>"; };
		F1C12AD025F9BAE8007A17BF /* ABUIListView001ItemView.m */ = {isa = PBXFileReference; lastKnownFileType = sourcecode.c.objc; path = ABUIListView001ItemView.m; sourceTree = "<group>"; };
		F1C12AD425F9BB4B007A17BF /* ABUIListView002ItemView.h */ = {isa = PBXFileReference; lastKnownFileType = sourcecode.c.h; path = ABUIListView002ItemView.h; sourceTree = "<group>"; };
		F1C12AD525F9BB4B007A17BF /* ABUIListView002ItemView.m */ = {isa = PBXFileReference; lastKnownFileType = sourcecode.c.objc; path = ABUIListView002ItemView.m; sourceTree = "<group>"; };
		F1C12AD825F9BB62007A17BF /* ABUIListView003ItemView.h */ = {isa = PBXFileReference; lastKnownFileType = sourcecode.c.h; path = ABUIListView003ItemView.h; sourceTree = "<group>"; };
		F1C12AD925F9BB62007A17BF /* ABUIListView003ItemView.m */ = {isa = PBXFileReference; lastKnownFileType = sourcecode.c.objc; path = ABUIListView003ItemView.m; sourceTree = "<group>"; };
		F1C12ADC25F9BB6F007A17BF /* ABUIListView004ItemView.h */ = {isa = PBXFileReference; lastKnownFileType = sourcecode.c.h; path = ABUIListView004ItemView.h; sourceTree = "<group>"; };
		F1C12ADD25F9BB6F007A17BF /* ABUIListView004ItemView.m */ = {isa = PBXFileReference; lastKnownFileType = sourcecode.c.objc; path = ABUIListView004ItemView.m; sourceTree = "<group>"; };
		F1C12AE025F9BB78007A17BF /* ABUIListView005ItemView.h */ = {isa = PBXFileReference; lastKnownFileType = sourcecode.c.h; path = ABUIListView005ItemView.h; sourceTree = "<group>"; };
		F1C12AE125F9BB78007A17BF /* ABUIListView005ItemView.m */ = {isa = PBXFileReference; lastKnownFileType = sourcecode.c.objc; path = ABUIListView005ItemView.m; sourceTree = "<group>"; };
		F1C12AE425F9BB86007A17BF /* ABUIListView006ItemView.h */ = {isa = PBXFileReference; lastKnownFileType = sourcecode.c.h; path = ABUIListView006ItemView.h; sourceTree = "<group>"; };
		F1C12AE525F9BB86007A17BF /* ABUIListView006ItemView.m */ = {isa = PBXFileReference; lastKnownFileType = sourcecode.c.objc; path = ABUIListView006ItemView.m; sourceTree = "<group>"; };
		F1C12B0025F9F2B5007A17BF /* ABUIListView007ItemView.h */ = {isa = PBXFileReference; lastKnownFileType = sourcecode.c.h; path = ABUIListView007ItemView.h; sourceTree = "<group>"; };
		F1C12B0125F9F2B5007A17BF /* ABUIListView007ItemView.m */ = {isa = PBXFileReference; lastKnownFileType = sourcecode.c.objc; path = ABUIListView007ItemView.m; sourceTree = "<group>"; };
		F1C12B0425F9F2C0007A17BF /* ABUIListView008ItemView.h */ = {isa = PBXFileReference; lastKnownFileType = sourcecode.c.h; path = ABUIListView008ItemView.h; sourceTree = "<group>"; };
		F1C12B0525F9F2C0007A17BF /* ABUIListView008ItemView.m */ = {isa = PBXFileReference; lastKnownFileType = sourcecode.c.objc; path = ABUIListView008ItemView.m; sourceTree = "<group>"; };
		F1C12B0825F9F2CA007A17BF /* ABUIListView009ItemView.h */ = {isa = PBXFileReference; lastKnownFileType = sourcecode.c.h; path = ABUIListView009ItemView.h; sourceTree = "<group>"; };
		F1C12B0925F9F2CA007A17BF /* ABUIListView009ItemView.m */ = {isa = PBXFileReference; lastKnownFileType = sourcecode.c.objc; path = ABUIListView009ItemView.m; sourceTree = "<group>"; };
		F1C12B0C25F9F34E007A17BF /* ABUIListView010ItemView.h */ = {isa = PBXFileReference; lastKnownFileType = sourcecode.c.h; path = ABUIListView010ItemView.h; sourceTree = "<group>"; };
		F1C12B0D25F9F34E007A17BF /* ABUIListView010ItemView.m */ = {isa = PBXFileReference; lastKnownFileType = sourcecode.c.objc; path = ABUIListView010ItemView.m; sourceTree = "<group>"; };
		F1C12B1025F9F358007A17BF /* ABUIListView011ItemView.h */ = {isa = PBXFileReference; lastKnownFileType = sourcecode.c.h; path = ABUIListView011ItemView.h; sourceTree = "<group>"; };
		F1C12B1125F9F358007A17BF /* ABUIListView011ItemView.m */ = {isa = PBXFileReference; lastKnownFileType = sourcecode.c.objc; path = ABUIListView011ItemView.m; sourceTree = "<group>"; };
		F1C12B1425F9F361007A17BF /* ABUIListView012ItemView.h */ = {isa = PBXFileReference; lastKnownFileType = sourcecode.c.h; path = ABUIListView012ItemView.h; sourceTree = "<group>"; };
		F1C12B1525F9F361007A17BF /* ABUIListView012ItemView.m */ = {isa = PBXFileReference; lastKnownFileType = sourcecode.c.objc; path = ABUIListView012ItemView.m; sourceTree = "<group>"; };
		F1C12B4B25FA0106007A17BF /* ABUIPicker.h */ = {isa = PBXFileReference; lastKnownFileType = sourcecode.c.h; path = ABUIPicker.h; sourceTree = "<group>"; };
		F1C12B4C25FA0106007A17BF /* ABUIPicker.m */ = {isa = PBXFileReference; lastKnownFileType = sourcecode.c.objc; path = ABUIPicker.m; sourceTree = "<group>"; };
		F1C12B4F25FA0134007A17BF /* province_data.xml */ = {isa = PBXFileReference; fileEncoding = 4; lastKnownFileType = text.xml; path = province_data.xml; sourceTree = "<group>"; };
		F1C12B5025FA0134007A17BF /* province_data.json */ = {isa = PBXFileReference; fileEncoding = 4; lastKnownFileType = text.json; path = province_data.json; sourceTree = "<group>"; };
		F1C12B5C25FA01AA007A17BF /* ABUIPhotoView.h */ = {isa = PBXFileReference; lastKnownFileType = sourcecode.c.h; path = ABUIPhotoView.h; sourceTree = "<group>"; };
		F1C12B5D25FA01AA007A17BF /* ABUIPhotoView.m */ = {isa = PBXFileReference; lastKnownFileType = sourcecode.c.objc; path = ABUIPhotoView.m; sourceTree = "<group>"; };
		F1C12B6025FA0552007A17BF /* ABUIPickerView.h */ = {isa = PBXFileReference; lastKnownFileType = sourcecode.c.h; path = ABUIPickerView.h; sourceTree = "<group>"; };
		F1C12B6125FA0552007A17BF /* ABUIPickerView.m */ = {isa = PBXFileReference; lastKnownFileType = sourcecode.c.objc; path = ABUIPickerView.m; sourceTree = "<group>"; };
		F1C12B6425FA072C007A17BF /* ABUIPickerViewToolBar.h */ = {isa = PBXFileReference; lastKnownFileType = sourcecode.c.h; path = ABUIPickerViewToolBar.h; sourceTree = "<group>"; };
		F1C12B6525FA072C007A17BF /* ABUIPickerViewToolBar.m */ = {isa = PBXFileReference; lastKnownFileType = sourcecode.c.objc; path = ABUIPickerViewToolBar.m; sourceTree = "<group>"; };
		F1C12B6825FA0980007A17BF /* ABUIPhotoViewController.h */ = {isa = PBXFileReference; lastKnownFileType = sourcecode.c.h; path = ABUIPhotoViewController.h; sourceTree = "<group>"; };
		F1C12B6925FA0980007A17BF /* ABUIPhotoViewController.m */ = {isa = PBXFileReference; lastKnownFileType = sourcecode.c.objc; path = ABUIPhotoViewController.m; sourceTree = "<group>"; };
		F1CAF796258AFB2400CD4D54 /* ABUIDocumentView.h */ = {isa = PBXFileReference; lastKnownFileType = sourcecode.c.h; path = ABUIDocumentView.h; sourceTree = "<group>"; };
		F1CAF797258AFB2400CD4D54 /* ABUIDocumentView.m */ = {isa = PBXFileReference; lastKnownFileType = sourcecode.c.objc; path = ABUIDocumentView.m; sourceTree = "<group>"; };
		F1CBD9A1253FCCD200363B55 /* ABUIListViewStack.h */ = {isa = PBXFileReference; lastKnownFileType = sourcecode.c.h; path = ABUIListViewStack.h; sourceTree = "<group>"; };
		F1CBD9A2253FCCD200363B55 /* ABUIListViewStack.m */ = {isa = PBXFileReference; lastKnownFileType = sourcecode.c.objc; path = ABUIListViewStack.m; sourceTree = "<group>"; };
		F1E87A2725BA5C840044C85F /* ABUISkuView.h */ = {isa = PBXFileReference; lastKnownFileType = sourcecode.c.h; path = ABUISkuView.h; sourceTree = "<group>"; };
		F1E87A2825BA5C840044C85F /* ABUISkuView.m */ = {isa = PBXFileReference; lastKnownFileType = sourcecode.c.objc; path = ABUISkuView.m; sourceTree = "<group>"; };
		F1E87A2B25BA62980044C85F /* ABUISkuItemView.h */ = {isa = PBXFileReference; lastKnownFileType = sourcecode.c.h; path = ABUISkuItemView.h; sourceTree = "<group>"; };
		F1E87A2C25BA62980044C85F /* ABUISkuItemView.m */ = {isa = PBXFileReference; lastKnownFileType = sourcecode.c.objc; path = ABUISkuItemView.m; sourceTree = "<group>"; };
		F1EF2176260B20D100BD8764 /* ABUIDatePickerView.h */ = {isa = PBXFileReference; lastKnownFileType = sourcecode.c.h; path = ABUIDatePickerView.h; sourceTree = "<group>"; };
		F1EF2177260B20D100BD8764 /* ABUIDatePickerView.m */ = {isa = PBXFileReference; lastKnownFileType = sourcecode.c.objc; path = ABUIDatePickerView.m; sourceTree = "<group>"; };
		F1EF217A260B211200BD8764 /* ABUIAddressPickerView.h */ = {isa = PBXFileReference; lastKnownFileType = sourcecode.c.h; path = ABUIAddressPickerView.h; sourceTree = "<group>"; };
		F1EF217B260B211200BD8764 /* ABUIAddressPickerView.m */ = {isa = PBXFileReference; lastKnownFileType = sourcecode.c.objc; path = ABUIAddressPickerView.m; sourceTree = "<group>"; };
		F1EFAB9225F9A33D001E46C4 /* ABUISettingViewController.h */ = {isa = PBXFileReference; lastKnownFileType = sourcecode.c.h; path = ABUISettingViewController.h; sourceTree = "<group>"; };
		F1EFAB9325F9A33D001E46C4 /* ABUISettingViewController.m */ = {isa = PBXFileReference; lastKnownFileType = sourcecode.c.objc; path = ABUISettingViewController.m; sourceTree = "<group>"; };
		F1EFABAD25F9B0E6001E46C4 /* ABUIViewCreator.h */ = {isa = PBXFileReference; lastKnownFileType = sourcecode.c.h; path = ABUIViewCreator.h; sourceTree = "<group>"; };
		F1EFABAE25F9B0E6001E46C4 /* ABUIViewCreator.m */ = {isa = PBXFileReference; lastKnownFileType = sourcecode.c.objc; path = ABUIViewCreator.m; sourceTree = "<group>"; };
/* End PBXFileReference section */

/* Begin PBXFrameworksBuildPhase section */
		F14C35DA24760B750060D435 /* Frameworks */ = {
			isa = PBXFrameworksBuildPhase;
			buildActionMask = 2147483647;
			files = (
				42438FAFF24166EC9549ECB6 /* libPods-ABUIKit.a in Frameworks */,
			);
			runOnlyForDeploymentPostprocessing = 0;
		};
/* End PBXFrameworksBuildPhase section */

/* Begin PBXGroup section */
		4C9513E82626A7AF55D15EB3 /* Pods */ = {
			isa = PBXGroup;
			children = (
				13E13E842FB474A32A1BA94D /* Pods-ABUIKit.debug.xcconfig */,
				4F9CDE74A8F60BF8DB3A72BB /* Pods-ABUIKit.release.xcconfig */,
			);
			path = Pods;
			sourceTree = "<group>";
		};
		6576BFBFF8E01EB015033D4C /* Frameworks */ = {
			isa = PBXGroup;
			children = (
				EE8F0DB6084B1ACAB1B012AE /* libPods-ABUIKit.a */,
			);
			name = Frameworks;
			sourceTree = "<group>";
		};
		F10F3020252482B000088B72 /* ABUIListViewItems */ = {
			isa = PBXGroup;
			children = (
				F10F301C252481E300088B72 /* ABTitleHeaderItemView.h */,
				F10F301D252481E300088B72 /* ABTitleHeaderItemView.m */,
				F10F3036252483DA00088B72 /* ABUIListViewTIItemView.h */,
				F10F3037252483DA00088B72 /* ABUIListViewTIItemView.m */,
				F10D9F88252FF3FD005728B3 /* ABUIListViewSelectItemView.h */,
				F10D9F89252FF3FD005728B3 /* ABUIListViewSelectItemView.m */,
				F1C12ACE25F9BAA8007A17BF /* ABUIListViewItems.h */,
				F1C12ACF25F9BAE8007A17BF /* ABUIListView001ItemView.h */,
				F1C12AD025F9BAE8007A17BF /* ABUIListView001ItemView.m */,
				F1C12AD425F9BB4B007A17BF /* ABUIListView002ItemView.h */,
				F1C12AD525F9BB4B007A17BF /* ABUIListView002ItemView.m */,
				F1C12AD825F9BB62007A17BF /* ABUIListView003ItemView.h */,
				F1C12AD925F9BB62007A17BF /* ABUIListView003ItemView.m */,
				F1C12ADC25F9BB6F007A17BF /* ABUIListView004ItemView.h */,
				F1C12ADD25F9BB6F007A17BF /* ABUIListView004ItemView.m */,
				F1C12AE025F9BB78007A17BF /* ABUIListView005ItemView.h */,
				F1C12AE125F9BB78007A17BF /* ABUIListView005ItemView.m */,
				F1C12AE425F9BB86007A17BF /* ABUIListView006ItemView.h */,
				F1C12AE525F9BB86007A17BF /* ABUIListView006ItemView.m */,
				F1C12B0025F9F2B5007A17BF /* ABUIListView007ItemView.h */,
				F1C12B0125F9F2B5007A17BF /* ABUIListView007ItemView.m */,
				F1C12B0425F9F2C0007A17BF /* ABUIListView008ItemView.h */,
				F1C12B0525F9F2C0007A17BF /* ABUIListView008ItemView.m */,
				F1C12B0825F9F2CA007A17BF /* ABUIListView009ItemView.h */,
				F1C12B0925F9F2CA007A17BF /* ABUIListView009ItemView.m */,
				F1C12B0C25F9F34E007A17BF /* ABUIListView010ItemView.h */,
				F1C12B0D25F9F34E007A17BF /* ABUIListView010ItemView.m */,
				F1C12B1025F9F358007A17BF /* ABUIListView011ItemView.h */,
				F1C12B1125F9F358007A17BF /* ABUIListView011ItemView.m */,
				F1C12B1425F9F361007A17BF /* ABUIListView012ItemView.h */,
				F1C12B1525F9F361007A17BF /* ABUIListView012ItemView.m */,
			);
			path = ABUIListViewItems;
			sourceTree = "<group>";
		};
		F11682C4249F6024004DD6B8 /* ABUIButtons */ = {
			isa = PBXGroup;
			children = (
				F11682C5249F6056004DD6B8 /* ABCountDownButton.h */,
				F11682C6249F6056004DD6B8 /* ABCountDownButton.m */,
			);
			path = ABUIButtons;
			sourceTree = "<group>";
		};
		F11682FD24A1B406004DD6B8 /* ABUILabels */ = {
			isa = PBXGroup;
			children = (
				F11682FE24A1B432004DD6B8 /* ABUIBorderLabel.h */,
				F11682FF24A1B432004DD6B8 /* ABUIBorderLabel.m */,
			);
			path = ABUILabels;
			sourceTree = "<group>";
		};
		F11F7C3524BFF65600DB96B3 /* ABUIAnimateBanner */ = {
			isa = PBXGroup;
			children = (
				F11F7C3624BFF69500DB96B3 /* ABUIAnimateBanner.h */,
				F11F7C3724BFF69500DB96B3 /* ABUIAnimateBanner.m */,
				F11F7C3924BFF98B00DB96B3 /* ABUIAnimateBannerRaw.h */,
				F11F7C3A24BFF98B00DB96B3 /* ABUIAnimateBannerRaw.m */,
				F154722724C12EBA00BC6457 /* ABUIAnimateBannerConfig.h */,
				F154722824C12EBA00BC6457 /* ABUIAnimateBannerConfig.m */,
				F154722624C12BCF00BC6457 /* ABUIAnimateBannerRawProtocol.h */,
			);
			path = ABUIAnimateBanner;
			sourceTree = "<group>";
		};
		F12BB88A251C9357003CE49C /* ABUITabBar */ = {
			isa = PBXGroup;
			children = (
				F12BB88D251C937B003CE49C /* ABUITabBarViewController.h */,
				F12BB88E251C937B003CE49C /* ABUITabBarViewController.m */,
				F12BB891251C9400003CE49C /* ABUITabBarItem.h */,
				F12BB892251C9400003CE49C /* ABUITabBarItem.m */,
			);
			path = ABUITabBar;
			sourceTree = "<group>";
		};
		F12BB8CF251C9742003CE49C /* ABUINavBar */ = {
			isa = PBXGroup;
			children = (
				F12BB8D0251C976E003CE49C /* ABUINavigationController.h */,
				F12BB8D1251C976E003CE49C /* ABUINavigationController.m */,
				F10F2F1E251F45B200088B72 /* ABUINavigationConfig.h */,
				F10F2F1F251F45B200088B72 /* ABUINavigationConfig.m */,
				F14BB7522570DBB500348433 /* ABUINavigationBar.h */,
				F14BB7532570DBB500348433 /* ABUINavigationBar.m */,
			);
			path = ABUINavBar;
			sourceTree = "<group>";
		};
		F1425087249B1CF2003E83D8 /* ABUIWebView */ = {
			isa = PBXGroup;
			children = (
				F1425088249B2022003E83D8 /* web.html */,
				F142507E249B0A97003E83D8 /* ABUIWebView.h */,
				F142507F249B0A97003E83D8 /* ABUIWebView.m */,
				F16A543B2589939400C42C3F /* ABUIWebViewController.h */,
				F16A543C2589939400C42C3F /* ABUIWebViewController.m */,
			);
			path = ABUIWebView;
			sourceTree = "<group>";
		};
		F14BB6E5256F5C4E00348433 /* ABUISearchBar */ = {
			isa = PBXGroup;
			children = (
				F14BB6E6256F5C6A00348433 /* ABUISearchBar.h */,
				F14BB6E7256F5C6A00348433 /* ABUISearchBar.m */,
			);
			path = ABUISearchBar;
			sourceTree = "<group>";
		};
		F14C35D424760B750060D435 = {
			isa = PBXGroup;
			children = (
				F14C35DF24760B750060D435 /* ABUIKit */,
				F14C35DE24760B750060D435 /* Products */,
				4C9513E82626A7AF55D15EB3 /* Pods */,
				6576BFBFF8E01EB015033D4C /* Frameworks */,
			);
			sourceTree = "<group>";
		};
		F14C35DE24760B750060D435 /* Products */ = {
			isa = PBXGroup;
			children = (
				F14C35DD24760B750060D435 /* ABUIKit.app */,
			);
			name = Products;
			sourceTree = "<group>";
		};
		F14C35DF24760B750060D435 /* ABUIKit */ = {
			isa = PBXGroup;
			children = (
				F14C35F924760FDC0060D435 /* Core */,
				F14C35E024760B750060D435 /* AppDelegate.h */,
				F14C35E124760B750060D435 /* AppDelegate.m */,
				F14C35E624760B750060D435 /* ViewController.h */,
				F14C35E724760B750060D435 /* ViewController.m */,
				F14C35EC24760B790060D435 /* Assets.xcassets */,
				F14C35EE24760B790060D435 /* LaunchScreen.storyboard */,
				F14C35F124760B790060D435 /* Info.plist */,
				F14C35F224760B790060D435 /* main.m */,
				F142508A249B4900003E83D8 /* ABUIWebViewController.h */,
				F142508B249B4900003E83D8 /* ABUIWebViewController.m */,
			);
			path = ABUIKit;
			sourceTree = "<group>";
		};
		F14C35F924760FDC0060D435 /* Core */ = {
			isa = PBXGroup;
			children = (
				F1C12B5425FA015D007A17BF /* ABUIPhotoView */,
				F1C12B2E25FA0086007A17BF /* ABUIPicker */,
				F1EFAB9125F9A318001E46C4 /* ABUIViewControllers */,
				F1942FE425F623A900084F89 /* ABPopupTemplates */,
				F1E87A2625BA5C680044C85F /* ABUISkuView */,
				F1CAF795258AFB0600CD4D54 /* ABUIDocumentView */,
				F16A5374258749D300C42C3F /* ABUIProgressView */,
				F14BB6E5256F5C4E00348433 /* ABUISearchBar */,
				F10F3020252482B000088B72 /* ABUIListViewItems */,
				F12BB8CF251C9742003CE49C /* ABUINavBar */,
				F12BB88A251C9357003CE49C /* ABUITabBar */,
				F15ACDEC25121B0B006F2D9E /* ABUIChatView */,
				F11F7C3524BFF65600DB96B3 /* ABUIAnimateBanner */,
				F16CBB0824AD648100CA6C18 /* ABUITextFields */,
				F11682FD24A1B406004DD6B8 /* ABUILabels */,
				F11682C4249F6024004DD6B8 /* ABUIButtons */,
				F1425087249B1CF2003E83D8 /* ABUIWebView */,
				F14C361324760FDC0060D435 /* ABDefines.h */,
				F14C361624760FDC0060D435 /* ABExtension */,
				F14C361524760FDC0060D435 /* ABUIColor.h */,
				F14C35FF24760FDC0060D435 /* ABUIColor.m */,
				F14C360124760FDC0060D435 /* ABUIKit.h */,
				F14C35FB24760FDC0060D435 /* ABUIKitCore.h */,
				F14C360424760FDC0060D435 /* ABUILabel.h */,
				F14C35FD24760FDC0060D435 /* ABUILabel.m */,
				F14C360624760FDC0060D435 /* ABUIListView */,
				F14C360024760FDC0060D435 /* ABUIScrollView.h */,
				F14C361424760FDC0060D435 /* ABUIScrollView.m */,
				F14C360224760FDC0060D435 /* ABUIViewController.h */,
				F14C35FA24760FDC0060D435 /* ABUIViewController.m */,
				F142508D249B5454003E83D8 /* ABUITextView.h */,
				F142508E249B5454003E83D8 /* ABUITextView.m */,
				F16CBB1524ADE3D300CA6C18 /* ABUIPopUp.h */,
				F16CBB1624ADE3D300CA6C18 /* ABUIPopUp.m */,
				F154722D24C1427200BC6457 /* ABUITips.h */,
				F154722E24C1427200BC6457 /* ABUITips.m */,
				F1A4D88324C59F92003A6031 /* ABUICheckBox.h */,
				F1A4D88424C59F92003A6031 /* ABUICheckBox.m */,
				F1A4D88C24C6C2F7003A6031 /* ABUICollectionView.h */,
				F1A4D88D24C6C2F7003A6031 /* ABUICollectionView.m */,
				F121926524D16AD900630CA2 /* ABUIInputView.h */,
				F121926624D16AD900630CA2 /* ABUIInputView.m */,
				F10F2F7E2522E6F400088B72 /* ABUIASNumberView.h */,
				F10F2F7F2522E6F400088B72 /* ABUIASNumberView.m */,
				F14BB72C2570A63700348433 /* ABUISeatView.h */,
				F14BB72D2570A63700348433 /* ABUISeatView.m */,
				F10742A325ECC84F00A80933 /* ABAppDelegate.h */,
				F10742A425ECC84F00A80933 /* ABAppDelegate.m */,
				F1EFABAD25F9B0E6001E46C4 /* ABUIViewCreator.h */,
				F1EFABAE25F9B0E6001E46C4 /* ABUIViewCreator.m */,
			);
			path = Core;
			sourceTree = SOURCE_ROOT;
		};
		F14C360624760FDC0060D435 /* ABUIListView */ = {
			isa = PBXGroup;
			children = (
				F17513D824F3671F008729D7 /* ABUIRefreshListView.h */,
				F17513D924F3671F008729D7 /* ABUIRefreshListView.m */,
				F14C360924760FDC0060D435 /* ABUIListReusableView.h */,
				F14C360E24760FDC0060D435 /* ABUIListReusableView.m */,
				F14C360A24760FDC0060D435 /* ABUIListView.h */,
				F14C361124760FDC0060D435 /* ABUIListView.m */,
				F14C360824760FDC0060D435 /* ABUIListViewCell.h */,
				F14C360F24760FDC0060D435 /* ABUIListViewCell.m */,
				F14C360D24760FDC0060D435 /* ABUIListViewController.h */,
				F14C360724760FDC0060D435 /* ABUIListViewController.m */,
				F14C360B24760FDC0060D435 /* ABUIListViewMapping.h */,
				F14C361224760FDC0060D435 /* ABUIListViewMapping.m */,
				F14C360C24760FDC0060D435 /* ABUIListViewProtocols.h */,
				F14C361024760FDC0060D435 /* ABUIListViewTemplete.json */,
				F142507B249AFCBC003E83D8 /* ABUIListViewCSS.h */,
				F142507C249AFCBC003E83D8 /* ABUIListViewCSS.m */,
				F10F2EB9251EF27400088B72 /* ABUIListViewFlowLayout.h */,
				F10F2EBA251EF27400088B72 /* ABUIListViewFlowLayout.m */,
				F10D9FB925300A18005728B3 /* ABUIListViewBaseItemView.h */,
				F10D9FBA25300A18005728B3 /* ABUIListViewBaseItemView.m */,
				F1CBD9A1253FCCD200363B55 /* ABUIListViewStack.h */,
				F1CBD9A2253FCCD200363B55 /* ABUIListViewStack.m */,
				F165A902255A9CBE00107ABB /* ABUIListViewHorizontalLayout.h */,
				F165A903255A9CBE00107ABB /* ABUIListViewHorizontalLayout.m */,
				F165A920255B6C5500107ABB /* ABUIListViewConfigure.h */,
				F165A921255B6C5500107ABB /* ABUIListViewConfigure.m */,
				F165A924255B6C6500107ABB /* ABUIListViewHelper.h */,
				F165A925255B6C6500107ABB /* ABUIListViewHelper.m */,
			);
			path = ABUIListView;
			sourceTree = "<group>";
		};
		F14C361624760FDC0060D435 /* ABExtension */ = {
			isa = PBXGroup;
			children = (
				F14C361D24760FDC0060D435 /* NSDictionary+AB.h */,
				F14C362424760FDC0060D435 /* NSDictionary+AB.m */,
				F14C362124760FDC0060D435 /* NSString+AB.h */,
				F14C361924760FDC0060D435 /* NSString+AB.m */,
				F14C362324760FDC0060D435 /* UIApplication+AB.h */,
				F14C361724760FDC0060D435 /* UIApplication+AB.m */,
				F14C362724760FDC0060D435 /* UIColor+AB.h */,
				F14C361E24760FDC0060D435 /* UIColor+AB.m */,
				F14C361B24760FDC0060D435 /* UIImage+AB.h */,
				F14C362624760FDC0060D435 /* UIImage+AB.m */,
				F14C361C24760FDC0060D435 /* UIImageView+AB.h */,
				F14C362524760FDC0060D435 /* UIImageView+AB.m */,
				F14C361A24760FDC0060D435 /* UILabel+AB.h */,
				F14C362024760FDC0060D435 /* UILabel+AB.m */,
				F14C361824760FDC0060D435 /* UIView+AB.h */,
				F14C362224760FDC0060D435 /* UIView+AB.m */,
				F14C361F24760FDC0060D435 /* UIViewController+AB.h */,
				F14C362824760FDC0060D435 /* UIViewController+AB.m */,
				F11682BC249F5ACA004DD6B8 /* ABExtension.h */,
				F16CBB1824ADE7D700CA6C18 /* NSArray+AB.h */,
				F16CBB1924ADE7D700CA6C18 /* NSArray+AB.m */,
				F12BB975251DD1CD003CE49C /* UIFont+AB.h */,
				F12BB976251DD1CD003CE49C /* UIFont+AB.m */,
			);
			path = ABExtension;
			sourceTree = "<group>";
		};
		F15ACDEC25121B0B006F2D9E /* ABUIChatView */ = {
			isa = PBXGroup;
			children = (
				F1BE0F8B254FA69700F53BCF /* Emoji.xcassets */,
				F15ACDED25121B8E006F2D9E /* ABUIChatView.h */,
				F15ACDEE25121B8E006F2D9E /* ABUIChatView.m */,
				F15ACDF025121BDA006F2D9E /* ABUIChatBottomBar.h */,
				F15ACDF125121BDA006F2D9E /* ABUIChatBottomBar.m */,
				F1BE0F41254F9D4A00F53BCF /* ABUIChatItemTimeView.h */,
				F1BE0F42254F9D4A00F53BCF /* ABUIChatItemTimeView.m */,
				F1BE0F49254F9D9E00F53BCF /* ABUIChatItemImageView.h */,
				F1BE0F4A254F9D9E00F53BCF /* ABUIChatItemImageView.m */,
				F1BE0F51254F9E0500F53BCF /* ABUIChatItemLBSView.h */,
				F1BE0F52254F9E0500F53BCF /* ABUIChatItemLBSView.m */,
				F1BE0F56254F9E2300F53BCF /* ABUIChatItemAudioView.h */,
				F1BE0F57254F9E2300F53BCF /* ABUIChatItemAudioView.m */,
				F1BE0F5A254F9E4400F53BCF /* ABUIChatItemVideoView.h */,
				F1BE0F5B254F9E4400F53BCF /* ABUIChatItemVideoView.m */,
				F1BE0F72254FA3B900F53BCF /* ABUIChatItemTextView.h */,
				F1BE0F73254FA3B900F53BCF /* ABUIChatItemTextView.m */,
				F1BE0F8E254FADCE00F53BCF /* ABUIChatItemBaseView.h */,
				F1BE0F8F254FADCE00F53BCF /* ABUIChatItemBaseView.m */,
				F1BE0FA62550FB8700F53BCF /* ABUIChatHelper.h */,
				F1BE0FA72550FB8700F53BCF /* ABUIChatHelper.m */,
				F1BE0FBE25510C2800F53BCF /* ABUIChatConfirgure.h */,
				F1BE0FBF25510C2800F53BCF /* ABUIChatConfirgure.m */,
				F165A78E2556448300107ABB /* ABUIChatFaceView.h */,
				F165A78F2556448300107ABB /* ABUIChatFaceView.m */,
				F165A7922556449500107ABB /* ABUIChatMutiFuncView.h */,
				F165A7932556449500107ABB /* ABUIChatMutiFuncView.m */,
			);
			path = ABUIChatView;
			sourceTree = "<group>";
		};
		F16A5374258749D300C42C3F /* ABUIProgressView */ = {
			isa = PBXGroup;
			children = (
				F16A5375258749E200C42C3F /* ABUIProgressView.h */,
				F16A5376258749E200C42C3F /* ABUIProgressView.m */,
			);
			path = ABUIProgressView;
			sourceTree = "<group>";
		};
		F16CBB0824AD648100CA6C18 /* ABUITextFields */ = {
			isa = PBXGroup;
			children = (
				F11682D224A03B75004DD6B8 /* ABUITextField.h */,
				F11682D324A03B75004DD6B8 /* ABUITextField.m */,
				F16CBB0C24AD76C700CA6C18 /* ABUITextInput.h */,
				F16CBB0D24AD76C700CA6C18 /* ABUITextInput.m */,
				F16CBB1224ADB13B00CA6C18 /* ABUICodeInput.h */,
				F16CBB1324ADB13B00CA6C18 /* ABUICodeInput.m */,
				F1B0395524FF86F6008B02C1 /* ABUIMoneyInput.h */,
				F1B0395624FF86F6008B02C1 /* ABUIMoneyInput.m */,
			);
			path = ABUITextFields;
			sourceTree = "<group>";
		};
		F1942FE425F623A900084F89 /* ABPopupTemplates */ = {
			isa = PBXGroup;
			children = (
				F1942FE525F6241B00084F89 /* ABWXPwdPopup.h */,
				F1942FE625F6241B00084F89 /* ABWXPwdPopup.m */,
			);
			path = ABPopupTemplates;
			sourceTree = "<group>";
		};
		F1C12B2E25FA0086007A17BF /* ABUIPicker */ = {
			isa = PBXGroup;
			children = (
				F1C12B4B25FA0106007A17BF /* ABUIPicker.h */,
				F1C12B4C25FA0106007A17BF /* ABUIPicker.m */,
				F1C12B5025FA0134007A17BF /* province_data.json */,
				F1C12B4F25FA0134007A17BF /* province_data.xml */,
				F1C12B6025FA0552007A17BF /* ABUIPickerView.h */,
				F1C12B6125FA0552007A17BF /* ABUIPickerView.m */,
				F1C12B6425FA072C007A17BF /* ABUIPickerViewToolBar.h */,
				F1C12B6525FA072C007A17BF /* ABUIPickerViewToolBar.m */,
				F1EF2176260B20D100BD8764 /* ABUIDatePickerView.h */,
				F1EF2177260B20D100BD8764 /* ABUIDatePickerView.m */,
				F1EF217A260B211200BD8764 /* ABUIAddressPickerView.h */,
				F1EF217B260B211200BD8764 /* ABUIAddressPickerView.m */,
			);
			path = ABUIPicker;
			sourceTree = "<group>";
		};
		F1C12B5425FA015D007A17BF /* ABUIPhotoView */ = {
			isa = PBXGroup;
			children = (
				F1C12B5C25FA01AA007A17BF /* ABUIPhotoView.h */,
				F1C12B5D25FA01AA007A17BF /* ABUIPhotoView.m */,
			);
			path = ABUIPhotoView;
			sourceTree = "<group>";
		};
		F1CAF795258AFB0600CD4D54 /* ABUIDocumentView */ = {
			isa = PBXGroup;
			children = (
				F1CAF796258AFB2400CD4D54 /* ABUIDocumentView.h */,
				F1CAF797258AFB2400CD4D54 /* ABUIDocumentView.m */,
				F1B92F6F2591FA320023382F /* ABUIDocumentFileCell.h */,
				F1B92F702591FA320023382F /* ABUIDocumentFileCell.m */,
			);
			path = ABUIDocumentView;
			sourceTree = "<group>";
		};
		F1E87A2625BA5C680044C85F /* ABUISkuView */ = {
			isa = PBXGroup;
			children = (
				F135606D25C0042800BE872F /* sku.json */,
				F1E87A2725BA5C840044C85F /* ABUISkuView.h */,
				F1E87A2825BA5C840044C85F /* ABUISkuView.m */,
				F1E87A2B25BA62980044C85F /* ABUISkuItemView.h */,
				F1E87A2C25BA62980044C85F /* ABUISkuItemView.m */,
				F148937025BAB35D00F64923 /* ABUISkuHelper.h */,
				F148937125BAB35D00F64923 /* ABUISkuHelper.m */,
				F135605325BFF33900BE872F /* ABUISkuTopView.h */,
				F135605425BFF33900BE872F /* ABUISkuTopView.m */,
			);
			path = ABUISkuView;
			sourceTree = "<group>";
		};
		F1EFAB9125F9A318001E46C4 /* ABUIViewControllers */ = {
			isa = PBXGroup;
			children = (
				F1EFAB9225F9A33D001E46C4 /* ABUISettingViewController.h */,
				F1EFAB9325F9A33D001E46C4 /* ABUISettingViewController.m */,
				F1C12B6825FA0980007A17BF /* ABUIPhotoViewController.h */,
				F1C12B6925FA0980007A17BF /* ABUIPhotoViewController.m */,
			);
			path = ABUIViewControllers;
			sourceTree = "<group>";
		};
/* End PBXGroup section */

/* Begin PBXNativeTarget section */
		F14C35DC24760B750060D435 /* ABUIKit */ = {
			isa = PBXNativeTarget;
			buildConfigurationList = F14C35F624760B790060D435 /* Build configuration list for PBXNativeTarget "ABUIKit" */;
			buildPhases = (
				7C29BD8D7094E1631CD977F5 /* [CP] Check Pods Manifest.lock */,
				F14C35D924760B750060D435 /* Sources */,
				F14C35DA24760B750060D435 /* Frameworks */,
				F14C35DB24760B750060D435 /* Resources */,
				383CFFDAB7CC6E92ABC278B2 /* [CP] Copy Pods Resources */,
				65F955C9C9D74D132C93FFD1 /* [CP] Embed Pods Frameworks */,
			);
			buildRules = (
			);
			dependencies = (
			);
			name = ABUIKit;
			productName = ABUIKit;
			productReference = F14C35DD24760B750060D435 /* ABUIKit.app */;
			productType = "com.apple.product-type.application";
		};
/* End PBXNativeTarget section */

/* Begin PBXProject section */
		F14C35D524760B750060D435 /* Project object */ = {
			isa = PBXProject;
			attributes = {
				LastUpgradeCheck = 1140;
				ORGANIZATIONNAME = abteam;
				TargetAttributes = {
					F14C35DC24760B750060D435 = {
						CreatedOnToolsVersion = 11.4.1;
					};
				};
			};
			buildConfigurationList = F14C35D824760B750060D435 /* Build configuration list for PBXProject "ABUIKit" */;
			compatibilityVersion = "Xcode 9.3";
			developmentRegion = en;
			hasScannedForEncodings = 0;
			knownRegions = (
				en,
				Base,
			);
			mainGroup = F14C35D424760B750060D435;
			productRefGroup = F14C35DE24760B750060D435 /* Products */;
			projectDirPath = "";
			projectRoot = "";
			targets = (
				F14C35DC24760B750060D435 /* ABUIKit */,
			);
		};
/* End PBXProject section */

/* Begin PBXResourcesBuildPhase section */
		F14C35DB24760B750060D435 /* Resources */ = {
			isa = PBXResourcesBuildPhase;
			buildActionMask = 2147483647;
			files = (
				F1BE0F8C254FA69800F53BCF /* Emoji.xcassets in Resources */,
				F1C12B5225FA0134007A17BF /* province_data.json in Resources */,
				F14C363124760FDC0060D435 /* ABUIListViewTemplete.json in Resources */,
				F1425089249B2022003E83D8 /* web.html in Resources */,
				F14C35F024760B790060D435 /* LaunchScreen.storyboard in Resources */,
				F14C35ED24760B790060D435 /* Assets.xcassets in Resources */,
				F1C12B5125FA0134007A17BF /* province_data.xml in Resources */,
				F135606E25C0042800BE872F /* sku.json in Resources */,
			);
			runOnlyForDeploymentPostprocessing = 0;
		};
/* End PBXResourcesBuildPhase section */

/* Begin PBXShellScriptBuildPhase section */
		383CFFDAB7CC6E92ABC278B2 /* [CP] Copy Pods Resources */ = {
			isa = PBXShellScriptBuildPhase;
			buildActionMask = 2147483647;
			files = (
			);
			inputFileListPaths = (
				"${PODS_ROOT}/Target Support Files/Pods-ABUIKit/Pods-ABUIKit-resources-${CONFIGURATION}-input-files.xcfilelist",
			);
			name = "[CP] Copy Pods Resources";
			outputFileListPaths = (
				"${PODS_ROOT}/Target Support Files/Pods-ABUIKit/Pods-ABUIKit-resources-${CONFIGURATION}-output-files.xcfilelist",
			);
			runOnlyForDeploymentPostprocessing = 0;
			shellPath = /bin/sh;
			shellScript = "\"${PODS_ROOT}/Target Support Files/Pods-ABUIKit/Pods-ABUIKit-resources.sh\"\n";
			showEnvVarsInLog = 0;
		};
		65F955C9C9D74D132C93FFD1 /* [CP] Embed Pods Frameworks */ = {
			isa = PBXShellScriptBuildPhase;
			buildActionMask = 2147483647;
			files = (
			);
			inputFileListPaths = (
				"${PODS_ROOT}/Target Support Files/Pods-ABUIKit/Pods-ABUIKit-frameworks-${CONFIGURATION}-input-files.xcfilelist",
			);
			name = "[CP] Embed Pods Frameworks";
			outputFileListPaths = (
				"${PODS_ROOT}/Target Support Files/Pods-ABUIKit/Pods-ABUIKit-frameworks-${CONFIGURATION}-output-files.xcfilelist",
			);
			runOnlyForDeploymentPostprocessing = 0;
			shellPath = /bin/sh;
			shellScript = "\"${PODS_ROOT}/Target Support Files/Pods-ABUIKit/Pods-ABUIKit-frameworks.sh\"\n";
			showEnvVarsInLog = 0;
		};
		7C29BD8D7094E1631CD977F5 /* [CP] Check Pods Manifest.lock */ = {
			isa = PBXShellScriptBuildPhase;
			buildActionMask = 2147483647;
			files = (
			);
			inputFileListPaths = (
			);
			inputPaths = (
				"${PODS_PODFILE_DIR_PATH}/Podfile.lock",
				"${PODS_ROOT}/Manifest.lock",
			);
			name = "[CP] Check Pods Manifest.lock";
			outputFileListPaths = (
			);
			outputPaths = (
				"$(DERIVED_FILE_DIR)/Pods-ABUIKit-checkManifestLockResult.txt",
			);
			runOnlyForDeploymentPostprocessing = 0;
			shellPath = /bin/sh;
			shellScript = "diff \"${PODS_PODFILE_DIR_PATH}/Podfile.lock\" \"${PODS_ROOT}/Manifest.lock\" > /dev/null\nif [ $? != 0 ] ; then\n    # print error to STDERR\n    echo \"error: The sandbox is not in sync with the Podfile.lock. Run 'pod install' or update your CocoaPods installation.\" >&2\n    exit 1\nfi\n# This output is used by Xcode 'outputs' to avoid re-running this script phase.\necho \"SUCCESS\" > \"${SCRIPT_OUTPUT_FILE_0}\"\n";
			showEnvVarsInLog = 0;
		};
/* End PBXShellScriptBuildPhase section */

/* Begin PBXSourcesBuildPhase section */
		F14C35D924760B750060D435 /* Sources */ = {
			isa = PBXSourcesBuildPhase;
			buildActionMask = 2147483647;
			files = (
				F14C363B24760FDC0060D435 /* UIImageView+AB.m in Sources */,
				F14C363724760FDC0060D435 /* UIColor+AB.m in Sources */,
				F14C363324760FDC0060D435 /* ABUIListViewMapping.m in Sources */,
				F165A7942556449500107ABB /* ABUIChatMutiFuncView.m in Sources */,
				F14C35E824760B750060D435 /* ViewController.m in Sources */,
				F1C12B0225F9F2B5007A17BF /* ABUIListView007ItemView.m in Sources */,
				F14C363824760FDC0060D435 /* UILabel+AB.m in Sources */,
				F11F7C3B24BFF98B00DB96B3 /* ABUIAnimateBannerRaw.m in Sources */,
				F1BE0F53254F9E0500F53BCF /* ABUIChatItemLBSView.m in Sources */,
				F165A926255B6C6500107ABB /* ABUIListViewHelper.m in Sources */,
				F12BB893251C9400003CE49C /* ABUITabBarItem.m in Sources */,
				F1C12B6625FA072C007A17BF /* ABUIPickerViewToolBar.m in Sources */,
				F10F2F20251F45B200088B72 /* ABUINavigationConfig.m in Sources */,
				F1C12AE225F9BB78007A17BF /* ABUIListView005ItemView.m in Sources */,
				F135605525BFF33900BE872F /* ABUISkuTopView.m in Sources */,
				F14C363424760FDC0060D435 /* ABUIScrollView.m in Sources */,
				F1BE0F90254FADCE00F53BCF /* ABUIChatItemBaseView.m in Sources */,
				F1EF217C260B211200BD8764 /* ABUIAddressPickerView.m in Sources */,
				F1C12B5E25FA01AA007A17BF /* ABUIPhotoView.m in Sources */,
				F1A4D88E24C6C2F7003A6031 /* ABUICollectionView.m in Sources */,
				F1EF2178260B20D100BD8764 /* ABUIDatePickerView.m in Sources */,
				F12BB8D2251C976E003CE49C /* ABUINavigationController.m in Sources */,
				F1C12B0625F9F2C0007A17BF /* ABUIListView008ItemView.m in Sources */,
				F11F7C3824BFF69500DB96B3 /* ABUIAnimateBanner.m in Sources */,
				F1C12B0A25F9F2CA007A17BF /* ABUIListView009ItemView.m in Sources */,
				F1CBD9A3253FCCD200363B55 /* ABUIListViewStack.m in Sources */,
				F12BB88F251C937B003CE49C /* ABUITabBarViewController.m in Sources */,
				F14C35E224760B750060D435 /* AppDelegate.m in Sources */,
				F1425080249B0A97003E83D8 /* ABUIWebView.m in Sources */,
				F1E87A2D25BA62980044C85F /* ABUISkuItemView.m in Sources */,
				F1CAF798258AFB2400CD4D54 /* ABUIDocumentView.m in Sources */,
				F1C12B6A25FA0980007A17BF /* ABUIPhotoViewController.m in Sources */,
				F1BE0F43254F9D4A00F53BCF /* ABUIChatItemTimeView.m in Sources */,
				F14C363D24760FDC0060D435 /* UIViewController+AB.m in Sources */,
				F1E87A2925BA5C840044C85F /* ABUISkuView.m in Sources */,
				F15ACDEF25121B8E006F2D9E /* ABUIChatView.m in Sources */,
				F1A4D88524C59F92003A6031 /* ABUICheckBox.m in Sources */,
				F1C12AE625F9BB86007A17BF /* ABUIListView006ItemView.m in Sources */,
				F121926724D16AD900630CA2 /* ABUIInputView.m in Sources */,
				F10D9FBB25300A18005728B3 /* ABUIListViewBaseItemView.m in Sources */,
				F14C363C24760FDC0060D435 /* UIImage+AB.m in Sources */,
				F116830024A1B432004DD6B8 /* ABUIBorderLabel.m in Sources */,
				F165A7902556448300107ABB /* ABUIChatFaceView.m in Sources */,
				F1C12ADA25F9BB62007A17BF /* ABUIListView003ItemView.m in Sources */,
				F1C12B0E25F9F34E007A17BF /* ABUIListView010ItemView.m in Sources */,
				F16CBB1A24ADE7D700CA6C18 /* NSArray+AB.m in Sources */,
				F1BE0F58254F9E2300F53BCF /* ABUIChatItemAudioView.m in Sources */,
				F1BE0F4B254F9D9E00F53BCF /* ABUIChatItemImageView.m in Sources */,
				F1BE0F74254FA3B900F53BCF /* ABUIChatItemTextView.m in Sources */,
				F11682D424A03B75004DD6B8 /* ABUITextField.m in Sources */,
				F16CBB1724ADE3D300CA6C18 /* ABUIPopUp.m in Sources */,
				F14C363524760FDC0060D435 /* UIApplication+AB.m in Sources */,
				F14C362F24760FDC0060D435 /* ABUIListReusableView.m in Sources */,
				F154722F24C1427200BC6457 /* ABUITips.m in Sources */,
				F11682C7249F6056004DD6B8 /* ABCountDownButton.m in Sources */,
				F10F3038252483DA00088B72 /* ABUIListViewTIItemView.m in Sources */,
				F142507D249AFCBC003E83D8 /* ABUIListViewCSS.m in Sources */,
				F14BB7542570DBB600348433 /* ABUINavigationBar.m in Sources */,
				F16A543D2589939400C42C3F /* ABUIWebViewController.m in Sources */,
				F1B0395724FF86F6008B02C1 /* ABUIMoneyInput.m in Sources */,
				F1C12AD625F9BB4B007A17BF /* ABUIListView002ItemView.m in Sources */,
				F15ACDF225121BDA006F2D9E /* ABUIChatBottomBar.m in Sources */,
				F1EFAB9425F9A33D001E46C4 /* ABUISettingViewController.m in Sources */,
				F14BB6E8256F5C6A00348433 /* ABUISearchBar.m in Sources */,
				F14C362B24760FDC0060D435 /* ABUIColor.m in Sources */,
				F165A922255B6C5500107ABB /* ABUIListViewConfigure.m in Sources */,
				F154722924C12EBA00BC6457 /* ABUIAnimateBannerConfig.m in Sources */,
				F1B92F712591FA320023382F /* ABUIDocumentFileCell.m in Sources */,
				F10742A525ECC84F00A80933 /* ABAppDelegate.m in Sources */,
				F1C12B1225F9F358007A17BF /* ABUIListView011ItemView.m in Sources */,
				F1EFABAF25F9B0E6001E46C4 /* ABUIViewCreator.m in Sources */,
				F14C35F324760B790060D435 /* main.m in Sources */,
				F1BE0FA82550FB8700F53BCF /* ABUIChatHelper.m in Sources */,
				F14BB72E2570A63700348433 /* ABUISeatView.m in Sources */,
				F1C12AD125F9BAE8007A17BF /* ABUIListView001ItemView.m in Sources */,
				F16CBB0E24AD76C700CA6C18 /* ABUITextInput.m in Sources */,
				F14C362924760FDC0060D435 /* ABUIViewController.m in Sources */,
				F16A5377258749E200C42C3F /* ABUIProgressView.m in Sources */,
				F1C12B4D25FA0106007A17BF /* ABUIPicker.m in Sources */,
				F1C12B1625F9F361007A17BF /* ABUIListView012ItemView.m in Sources */,
				F165A904255A9CBE00107ABB /* ABUIListViewHorizontalLayout.m in Sources */,
				F1C12B6225FA0552007A17BF /* ABUIPickerView.m in Sources */,
				F1C12ADE25F9BB6F007A17BF /* ABUIListView004ItemView.m in Sources */,
				F12BB977251DD1CD003CE49C /* UIFont+AB.m in Sources */,
				F16CBB1424ADB13B00CA6C18 /* ABUICodeInput.m in Sources */,
				F10F2F802522E6F400088B72 /* ABUIASNumberView.m in Sources */,
				F14C362E24760FDC0060D435 /* ABUIListViewController.m in Sources */,
				F10D9F8A252FF3FD005728B3 /* ABUIListViewSelectItemView.m in Sources */,
				F142508F249B5454003E83D8 /* ABUITextView.m in Sources */,
				F10F301E252481E300088B72 /* ABTitleHeaderItemView.m in Sources */,
				F14C363224760FDC0060D435 /* ABUIListView.m in Sources */,
				F14C363924760FDC0060D435 /* UIView+AB.m in Sources */,
				F10F2EBB251EF27400088B72 /* ABUIListViewFlowLayout.m in Sources */,
				F142508C249B4900003E83D8 /* ABUIWebViewController.m in Sources */,
				F14C363024760FDC0060D435 /* ABUIListViewCell.m in Sources */,
				F1BE0FC025510C2800F53BCF /* ABUIChatConfirgure.m in Sources */,
				F14C363A24760FDC0060D435 /* NSDictionary+AB.m in Sources */,
				F14C363624760FDC0060D435 /* NSString+AB.m in Sources */,
				F14C362A24760FDC0060D435 /* ABUILabel.m in Sources */,
				F1BE0F5C254F9E4400F53BCF /* ABUIChatItemVideoView.m in Sources */,
				F148937225BAB35D00F64923 /* ABUISkuHelper.m in Sources */,
				F1942FE725F6241B00084F89 /* ABWXPwdPopup.m in Sources */,
				F17513DA24F3671F008729D7 /* ABUIRefreshListView.m in Sources */,
			);
			runOnlyForDeploymentPostprocessing = 0;
		};
/* End PBXSourcesBuildPhase section */

/* Begin PBXVariantGroup section */
		F14C35EE24760B790060D435 /* LaunchScreen.storyboard */ = {
			isa = PBXVariantGroup;
			children = (
				F14C35EF24760B790060D435 /* Base */,
			);
			name = LaunchScreen.storyboard;
			sourceTree = "<group>";
		};
/* End PBXVariantGroup section */

/* Begin XCBuildConfiguration section */
		F14C35F424760B790060D435 /* Debug */ = {
			isa = XCBuildConfiguration;
			buildSettings = {
				ALWAYS_SEARCH_USER_PATHS = NO;
				CLANG_ANALYZER_NONNULL = YES;
				CLANG_ANALYZER_NUMBER_OBJECT_CONVERSION = YES_AGGRESSIVE;
				CLANG_CXX_LANGUAGE_STANDARD = "gnu++14";
				CLANG_CXX_LIBRARY = "libc++";
				CLANG_ENABLE_MODULES = YES;
				CLANG_ENABLE_OBJC_ARC = YES;
				CLANG_ENABLE_OBJC_WEAK = YES;
				CLANG_WARN_BLOCK_CAPTURE_AUTORELEASING = YES;
				CLANG_WARN_BOOL_CONVERSION = YES;
				CLANG_WARN_COMMA = YES;
				CLANG_WARN_CONSTANT_CONVERSION = YES;
				CLANG_WARN_DEPRECATED_OBJC_IMPLEMENTATIONS = YES;
				CLANG_WARN_DIRECT_OBJC_ISA_USAGE = YES_ERROR;
				CLANG_WARN_DOCUMENTATION_COMMENTS = YES;
				CLANG_WARN_EMPTY_BODY = YES;
				CLANG_WARN_ENUM_CONVERSION = YES;
				CLANG_WARN_INFINITE_RECURSION = YES;
				CLANG_WARN_INT_CONVERSION = YES;
				CLANG_WARN_NON_LITERAL_NULL_CONVERSION = YES;
				CLANG_WARN_OBJC_IMPLICIT_RETAIN_SELF = YES;
				CLANG_WARN_OBJC_LITERAL_CONVERSION = YES;
				CLANG_WARN_OBJC_ROOT_CLASS = YES_ERROR;
				CLANG_WARN_RANGE_LOOP_ANALYSIS = YES;
				CLANG_WARN_STRICT_PROTOTYPES = YES;
				CLANG_WARN_SUSPICIOUS_MOVE = YES;
				CLANG_WARN_UNGUARDED_AVAILABILITY = YES_AGGRESSIVE;
				CLANG_WARN_UNREACHABLE_CODE = YES;
				CLANG_WARN__DUPLICATE_METHOD_MATCH = YES;
				COPY_PHASE_STRIP = NO;
				DEBUG_INFORMATION_FORMAT = dwarf;
				ENABLE_STRICT_OBJC_MSGSEND = YES;
				ENABLE_TESTABILITY = YES;
				GCC_C_LANGUAGE_STANDARD = gnu11;
				GCC_DYNAMIC_NO_PIC = NO;
				GCC_NO_COMMON_BLOCKS = YES;
				GCC_OPTIMIZATION_LEVEL = 0;
				GCC_PREPROCESSOR_DEFINITIONS = (
					"DEBUG=1",
					"$(inherited)",
				);
				GCC_WARN_64_TO_32_BIT_CONVERSION = YES;
				GCC_WARN_ABOUT_RETURN_TYPE = YES_ERROR;
				GCC_WARN_UNDECLARED_SELECTOR = YES;
				GCC_WARN_UNINITIALIZED_AUTOS = YES_AGGRESSIVE;
				GCC_WARN_UNUSED_FUNCTION = YES;
				GCC_WARN_UNUSED_VARIABLE = YES;
				IPHONEOS_DEPLOYMENT_TARGET = 13.4;
				MTL_ENABLE_DEBUG_INFO = INCLUDE_SOURCE;
				MTL_FAST_MATH = YES;
				ONLY_ACTIVE_ARCH = YES;
				SDKROOT = iphoneos;
			};
			name = Debug;
		};
		F14C35F524760B790060D435 /* Release */ = {
			isa = XCBuildConfiguration;
			buildSettings = {
				ALWAYS_SEARCH_USER_PATHS = NO;
				CLANG_ANALYZER_NONNULL = YES;
				CLANG_ANALYZER_NUMBER_OBJECT_CONVERSION = YES_AGGRESSIVE;
				CLANG_CXX_LANGUAGE_STANDARD = "gnu++14";
				CLANG_CXX_LIBRARY = "libc++";
				CLANG_ENABLE_MODULES = YES;
				CLANG_ENABLE_OBJC_ARC = YES;
				CLANG_ENABLE_OBJC_WEAK = YES;
				CLANG_WARN_BLOCK_CAPTURE_AUTORELEASING = YES;
				CLANG_WARN_BOOL_CONVERSION = YES;
				CLANG_WARN_COMMA = YES;
				CLANG_WARN_CONSTANT_CONVERSION = YES;
				CLANG_WARN_DEPRECATED_OBJC_IMPLEMENTATIONS = YES;
				CLANG_WARN_DIRECT_OBJC_ISA_USAGE = YES_ERROR;
				CLANG_WARN_DOCUMENTATION_COMMENTS = YES;
				CLANG_WARN_EMPTY_BODY = YES;
				CLANG_WARN_ENUM_CONVERSION = YES;
				CLANG_WARN_INFINITE_RECURSION = YES;
				CLANG_WARN_INT_CONVERSION = YES;
				CLANG_WARN_NON_LITERAL_NULL_CONVERSION = YES;
				CLANG_WARN_OBJC_IMPLICIT_RETAIN_SELF = YES;
				CLANG_WARN_OBJC_LITERAL_CONVERSION = YES;
				CLANG_WARN_OBJC_ROOT_CLASS = YES_ERROR;
				CLANG_WARN_RANGE_LOOP_ANALYSIS = YES;
				CLANG_WARN_STRICT_PROTOTYPES = YES;
				CLANG_WARN_SUSPICIOUS_MOVE = YES;
				CLANG_WARN_UNGUARDED_AVAILABILITY = YES_AGGRESSIVE;
				CLANG_WARN_UNREACHABLE_CODE = YES;
				CLANG_WARN__DUPLICATE_METHOD_MATCH = YES;
				COPY_PHASE_STRIP = NO;
				DEBUG_INFORMATION_FORMAT = "dwarf-with-dsym";
				ENABLE_NS_ASSERTIONS = NO;
				ENABLE_STRICT_OBJC_MSGSEND = YES;
				GCC_C_LANGUAGE_STANDARD = gnu11;
				GCC_NO_COMMON_BLOCKS = YES;
				GCC_WARN_64_TO_32_BIT_CONVERSION = YES;
				GCC_WARN_ABOUT_RETURN_TYPE = YES_ERROR;
				GCC_WARN_UNDECLARED_SELECTOR = YES;
				GCC_WARN_UNINITIALIZED_AUTOS = YES_AGGRESSIVE;
				GCC_WARN_UNUSED_FUNCTION = YES;
				GCC_WARN_UNUSED_VARIABLE = YES;
				IPHONEOS_DEPLOYMENT_TARGET = 13.4;
				MTL_ENABLE_DEBUG_INFO = NO;
				MTL_FAST_MATH = YES;
				SDKROOT = iphoneos;
				VALIDATE_PRODUCT = YES;
			};
			name = Release;
		};
		F14C35F724760B790060D435 /* Debug */ = {
			isa = XCBuildConfiguration;
			baseConfigurationReference = 13E13E842FB474A32A1BA94D /* Pods-ABUIKit.debug.xcconfig */;
			buildSettings = {
				ASSETCATALOG_COMPILER_APPICON_NAME = AppIcon;
				CODE_SIGN_STYLE = Manual;
				DEVELOPMENT_TEAM = "";
				INFOPLIST_FILE = ABUIKit/Info.plist;
				IPHONEOS_DEPLOYMENT_TARGET = 10.0;
				LD_RUNPATH_SEARCH_PATHS = (
					"$(inherited)",
					"@executable_path/Frameworks",
				);
				PRODUCT_BUNDLE_IDENTIFIER = com.abteam.ABUIKit;
				PRODUCT_NAME = "$(TARGET_NAME)";
				PROVISIONING_PROFILE_SPECIFIER = "";
				TARGETED_DEVICE_FAMILY = "1,2";
			};
			name = Debug;
		};
		F14C35F824760B790060D435 /* Release */ = {
			isa = XCBuildConfiguration;
			baseConfigurationReference = 4F9CDE74A8F60BF8DB3A72BB /* Pods-ABUIKit.release.xcconfig */;
			buildSettings = {
				ASSETCATALOG_COMPILER_APPICON_NAME = AppIcon;
				CODE_SIGN_STYLE = Manual;
				DEVELOPMENT_TEAM = "";
				INFOPLIST_FILE = ABUIKit/Info.plist;
				IPHONEOS_DEPLOYMENT_TARGET = 10.0;
				LD_RUNPATH_SEARCH_PATHS = (
					"$(inherited)",
					"@executable_path/Frameworks",
				);
				PRODUCT_BUNDLE_IDENTIFIER = com.abteam.ABUIKit;
				PRODUCT_NAME = "$(TARGET_NAME)";
				PROVISIONING_PROFILE_SPECIFIER = "";
				TARGETED_DEVICE_FAMILY = "1,2";
			};
			name = Release;
		};
/* End XCBuildConfiguration section */

/* Begin XCConfigurationList section */
		F14C35D824760B750060D435 /* Build configuration list for PBXProject "ABUIKit" */ = {
			isa = XCConfigurationList;
			buildConfigurations = (
				F14C35F424760B790060D435 /* Debug */,
				F14C35F524760B790060D435 /* Release */,
			);
			defaultConfigurationIsVisible = 0;
			defaultConfigurationName = Release;
		};
		F14C35F624760B790060D435 /* Build configuration list for PBXNativeTarget "ABUIKit" */ = {
			isa = XCConfigurationList;
			buildConfigurations = (
				F14C35F724760B790060D435 /* Debug */,
				F14C35F824760B790060D435 /* Release */,
			);
			defaultConfigurationIsVisible = 0;
			defaultConfigurationName = Release;
		};
/* End XCConfigurationList section */
	};
	rootObject = F14C35D524760B750060D435 /* Project object */;
}
