// !$*UTF8*$!
{
	archiveVersion = 1;
	classes = {
	};
	objectVersion = 50;
	objects = {

/* Begin PBXBuildFile section */
		42438FAFF24166EC9549ECB6 /* libPods-ABUIKit.a in Frameworks */ = {isa = PBXBuildFile; fileRef = EE8F0DB6084B1ACAB1B012AE /* libPods-ABUIKit.a */; };
		F11682C7249F6056004DD6B8 /* ABCountDownButton.m in Sources */ = {isa = PBXBuildFile; fileRef = F11682C6249F6056004DD6B8 /* ABCountDownButton.m */; };
		F142507D249AFCBC003E83D8 /* ABUIListViewCSS.m in Sources */ = {isa = PBXBuildFile; fileRef = F142507C249AFCBC003E83D8 /* ABUIListViewCSS.m */; };
		F1425080249B0A97003E83D8 /* ABUIWebView.m in Sources */ = {isa = PBXBuildFile; fileRef = F142507F249B0A97003E83D8 /* ABUIWebView.m */; };
		F1425089249B2022003E83D8 /* web.html in Resources */ = {isa = PBXBuildFile; fileRef = F1425088249B2022003E83D8 /* web.html */; };
		F142508C249B4900003E83D8 /* WebViewController.m in Sources */ = {isa = PBXBuildFile; fileRef = F142508B249B4900003E83D8 /* WebViewController.m */; };
		F142508F249B5454003E83D8 /* ABUITextView.m in Sources */ = {isa = PBXBuildFile; fileRef = F142508E249B5454003E83D8 /* ABUITextView.m */; };
		F14C35E224760B750060D435 /* AppDelegate.m in Sources */ = {isa = PBXBuildFile; fileRef = F14C35E124760B750060D435 /* AppDelegate.m */; };
		F14C35E824760B750060D435 /* ViewController.m in Sources */ = {isa = PBXBuildFile; fileRef = F14C35E724760B750060D435 /* ViewController.m */; };
		F14C35ED24760B790060D435 /* Assets.xcassets in Resources */ = {isa = PBXBuildFile; fileRef = F14C35EC24760B790060D435 /* Assets.xcassets */; };
		F14C35F024760B790060D435 /* LaunchScreen.storyboard in Resources */ = {isa = PBXBuildFile; fileRef = F14C35EE24760B790060D435 /* LaunchScreen.storyboard */; };
		F14C35F324760B790060D435 /* main.m in Sources */ = {isa = PBXBuildFile; fileRef = F14C35F224760B790060D435 /* main.m */; };
		F14C362924760FDC0060D435 /* ABUIViewController.m in Sources */ = {isa = PBXBuildFile; fileRef = F14C35FA24760FDC0060D435 /* ABUIViewController.m */; };
		F14C362A24760FDC0060D435 /* ABUILabel.m in Sources */ = {isa = PBXBuildFile; fileRef = F14C35FD24760FDC0060D435 /* ABUILabel.m */; };
		F14C362B24760FDC0060D435 /* ABUIColor.m in Sources */ = {isa = PBXBuildFile; fileRef = F14C35FF24760FDC0060D435 /* ABUIColor.m */; };
		F14C362C24760FDC0060D435 /* ABUINavigationController.m in Sources */ = {isa = PBXBuildFile; fileRef = F14C360324760FDC0060D435 /* ABUINavigationController.m */; };
		F14C362D24760FDC0060D435 /* ABUITabBarController.m in Sources */ = {isa = PBXBuildFile; fileRef = F14C360524760FDC0060D435 /* ABUITabBarController.m */; };
		F14C362E24760FDC0060D435 /* ABUIListViewController.m in Sources */ = {isa = PBXBuildFile; fileRef = F14C360724760FDC0060D435 /* ABUIListViewController.m */; };
		F14C362F24760FDC0060D435 /* ABUIListReusableView.m in Sources */ = {isa = PBXBuildFile; fileRef = F14C360E24760FDC0060D435 /* ABUIListReusableView.m */; };
		F14C363024760FDC0060D435 /* ABUIListViewCell.m in Sources */ = {isa = PBXBuildFile; fileRef = F14C360F24760FDC0060D435 /* ABUIListViewCell.m */; };
		F14C363124760FDC0060D435 /* ABUIListViewTemplete.json in Resources */ = {isa = PBXBuildFile; fileRef = F14C361024760FDC0060D435 /* ABUIListViewTemplete.json */; };
		F14C363224760FDC0060D435 /* ABUIListView.m in Sources */ = {isa = PBXBuildFile; fileRef = F14C361124760FDC0060D435 /* ABUIListView.m */; };
		F14C363324760FDC0060D435 /* ABUIListViewMapping.m in Sources */ = {isa = PBXBuildFile; fileRef = F14C361224760FDC0060D435 /* ABUIListViewMapping.m */; };
		F14C363424760FDC0060D435 /* ABUIScrollView.m in Sources */ = {isa = PBXBuildFile; fileRef = F14C361424760FDC0060D435 /* ABUIScrollView.m */; };
		F14C363524760FDC0060D435 /* UIApplication+AB.m in Sources */ = {isa = PBXBuildFile; fileRef = F14C361724760FDC0060D435 /* UIApplication+AB.m */; };
		F14C363624760FDC0060D435 /* NSString+AB.m in Sources */ = {isa = PBXBuildFile; fileRef = F14C361924760FDC0060D435 /* NSString+AB.m */; };
		F14C363724760FDC0060D435 /* UIColor+AB.m in Sources */ = {isa = PBXBuildFile; fileRef = F14C361E24760FDC0060D435 /* UIColor+AB.m */; };
		F14C363824760FDC0060D435 /* UILabel+AB.m in Sources */ = {isa = PBXBuildFile; fileRef = F14C362024760FDC0060D435 /* UILabel+AB.m */; };
		F14C363924760FDC0060D435 /* UIView+AB.m in Sources */ = {isa = PBXBuildFile; fileRef = F14C362224760FDC0060D435 /* UIView+AB.m */; };
		F14C363A24760FDC0060D435 /* NSDictionary+AB.m in Sources */ = {isa = PBXBuildFile; fileRef = F14C362424760FDC0060D435 /* NSDictionary+AB.m */; };
		F14C363B24760FDC0060D435 /* UIImageView+AB.m in Sources */ = {isa = PBXBuildFile; fileRef = F14C362524760FDC0060D435 /* UIImageView+AB.m */; };
		F14C363C24760FDC0060D435 /* UIImage+AB.m in Sources */ = {isa = PBXBuildFile; fileRef = F14C362624760FDC0060D435 /* UIImage+AB.m */; };
		F14C363D24760FDC0060D435 /* UIViewController+AB.m in Sources */ = {isa = PBXBuildFile; fileRef = F14C362824760FDC0060D435 /* UIViewController+AB.m */; };
/* End PBXBuildFile section */

/* Begin PBXFileReference section */
		13E13E842FB474A32A1BA94D /* Pods-ABUIKit.debug.xcconfig */ = {isa = PBXFileReference; includeInIndex = 1; lastKnownFileType = text.xcconfig; name = "Pods-ABUIKit.debug.xcconfig"; path = "Target Support Files/Pods-ABUIKit/Pods-ABUIKit.debug.xcconfig"; sourceTree = "<group>"; };
		4F9CDE74A8F60BF8DB3A72BB /* Pods-ABUIKit.release.xcconfig */ = {isa = PBXFileReference; includeInIndex = 1; lastKnownFileType = text.xcconfig; name = "Pods-ABUIKit.release.xcconfig"; path = "Target Support Files/Pods-ABUIKit/Pods-ABUIKit.release.xcconfig"; sourceTree = "<group>"; };
		EE8F0DB6084B1ACAB1B012AE /* libPods-ABUIKit.a */ = {isa = PBXFileReference; explicitFileType = archive.ar; includeInIndex = 0; path = "libPods-ABUIKit.a"; sourceTree = BUILT_PRODUCTS_DIR; };
		F11682BC249F5ACA004DD6B8 /* ABExtension.h */ = {isa = PBXFileReference; lastKnownFileType = sourcecode.c.h; path = ABExtension.h; sourceTree = "<group>"; };
		F11682C5249F6056004DD6B8 /* ABCountDownButton.h */ = {isa = PBXFileReference; lastKnownFileType = sourcecode.c.h; path = ABCountDownButton.h; sourceTree = "<group>"; };
		F11682C6249F6056004DD6B8 /* ABCountDownButton.m */ = {isa = PBXFileReference; lastKnownFileType = sourcecode.c.objc; path = ABCountDownButton.m; sourceTree = "<group>"; };
		F142507B249AFCBC003E83D8 /* ABUIListViewCSS.h */ = {isa = PBXFileReference; lastKnownFileType = sourcecode.c.h; path = ABUIListViewCSS.h; sourceTree = "<group>"; };
		F142507C249AFCBC003E83D8 /* ABUIListViewCSS.m */ = {isa = PBXFileReference; lastKnownFileType = sourcecode.c.objc; path = ABUIListViewCSS.m; sourceTree = "<group>"; };
		F142507E249B0A97003E83D8 /* ABUIWebView.h */ = {isa = PBXFileReference; lastKnownFileType = sourcecode.c.h; path = ABUIWebView.h; sourceTree = "<group>"; };
		F142507F249B0A97003E83D8 /* ABUIWebView.m */ = {isa = PBXFileReference; lastKnownFileType = sourcecode.c.objc; path = ABUIWebView.m; sourceTree = "<group>"; };
		F1425088249B2022003E83D8 /* web.html */ = {isa = PBXFileReference; fileEncoding = 4; lastKnownFileType = text.html; path = web.html; sourceTree = "<group>"; };
		F142508A249B4900003E83D8 /* WebViewController.h */ = {isa = PBXFileReference; lastKnownFileType = sourcecode.c.h; path = WebViewController.h; sourceTree = "<group>"; };
		F142508B249B4900003E83D8 /* WebViewController.m */ = {isa = PBXFileReference; lastKnownFileType = sourcecode.c.objc; path = WebViewController.m; sourceTree = "<group>"; };
		F142508D249B5454003E83D8 /* ABUITextView.h */ = {isa = PBXFileReference; lastKnownFileType = sourcecode.c.h; path = ABUITextView.h; sourceTree = "<group>"; };
		F142508E249B5454003E83D8 /* ABUITextView.m */ = {isa = PBXFileReference; lastKnownFileType = sourcecode.c.objc; path = ABUITextView.m; sourceTree = "<group>"; };
		F14C35DD24760B750060D435 /* ABUIKit.app */ = {isa = PBXFileReference; explicitFileType = wrapper.application; includeInIndex = 0; path = ABUIKit.app; sourceTree = BUILT_PRODUCTS_DIR; };
		F14C35E024760B750060D435 /* AppDelegate.h */ = {isa = PBXFileReference; lastKnownFileType = sourcecode.c.h; path = AppDelegate.h; sourceTree = "<group>"; };
		F14C35E124760B750060D435 /* AppDelegate.m */ = {isa = PBXFileReference; lastKnownFileType = sourcecode.c.objc; path = AppDelegate.m; sourceTree = "<group>"; };
		F14C35E624760B750060D435 /* ViewController.h */ = {isa = PBXFileReference; lastKnownFileType = sourcecode.c.h; path = ViewController.h; sourceTree = "<group>"; };
		F14C35E724760B750060D435 /* ViewController.m */ = {isa = PBXFileReference; lastKnownFileType = sourcecode.c.objc; path = ViewController.m; sourceTree = "<group>"; };
		F14C35EC24760B790060D435 /* Assets.xcassets */ = {isa = PBXFileReference; lastKnownFileType = folder.assetcatalog; path = Assets.xcassets; sourceTree = "<group>"; };
		F14C35EF24760B790060D435 /* Base */ = {isa = PBXFileReference; lastKnownFileType = file.storyboard; name = Base; path = Base.lproj/LaunchScreen.storyboard; sourceTree = "<group>"; };
		F14C35F124760B790060D435 /* Info.plist */ = {isa = PBXFileReference; lastKnownFileType = text.plist.xml; path = Info.plist; sourceTree = "<group>"; };
		F14C35F224760B790060D435 /* main.m */ = {isa = PBXFileReference; lastKnownFileType = sourcecode.c.objc; path = main.m; sourceTree = "<group>"; };
		F14C35FA24760FDC0060D435 /* ABUIViewController.m */ = {isa = PBXFileReference; fileEncoding = 4; lastKnownFileType = sourcecode.c.objc; path = ABUIViewController.m; sourceTree = "<group>"; };
		F14C35FB24760FDC0060D435 /* ABUIKitCore.h */ = {isa = PBXFileReference; fileEncoding = 4; lastKnownFileType = sourcecode.c.h; path = ABUIKitCore.h; sourceTree = "<group>"; };
		F14C35FC24760FDC0060D435 /* ABUITabBarController.h */ = {isa = PBXFileReference; fileEncoding = 4; lastKnownFileType = sourcecode.c.h; path = ABUITabBarController.h; sourceTree = "<group>"; };
		F14C35FD24760FDC0060D435 /* ABUILabel.m */ = {isa = PBXFileReference; fileEncoding = 4; lastKnownFileType = sourcecode.c.objc; path = ABUILabel.m; sourceTree = "<group>"; };
		F14C35FE24760FDC0060D435 /* ABUINavigationController.h */ = {isa = PBXFileReference; fileEncoding = 4; lastKnownFileType = sourcecode.c.h; path = ABUINavigationController.h; sourceTree = "<group>"; };
		F14C35FF24760FDC0060D435 /* ABUIColor.m */ = {isa = PBXFileReference; fileEncoding = 4; lastKnownFileType = sourcecode.c.objc; path = ABUIColor.m; sourceTree = "<group>"; };
		F14C360024760FDC0060D435 /* ABUIScrollView.h */ = {isa = PBXFileReference; fileEncoding = 4; lastKnownFileType = sourcecode.c.h; path = ABUIScrollView.h; sourceTree = "<group>"; };
		F14C360124760FDC0060D435 /* ABUIKit.h */ = {isa = PBXFileReference; fileEncoding = 4; lastKnownFileType = sourcecode.c.h; path = ABUIKit.h; sourceTree = "<group>"; };
		F14C360224760FDC0060D435 /* ABUIViewController.h */ = {isa = PBXFileReference; fileEncoding = 4; lastKnownFileType = sourcecode.c.h; path = ABUIViewController.h; sourceTree = "<group>"; };
		F14C360324760FDC0060D435 /* ABUINavigationController.m */ = {isa = PBXFileReference; fileEncoding = 4; lastKnownFileType = sourcecode.c.objc; path = ABUINavigationController.m; sourceTree = "<group>"; };
		F14C360424760FDC0060D435 /* ABUILabel.h */ = {isa = PBXFileReference; fileEncoding = 4; lastKnownFileType = sourcecode.c.h; path = ABUILabel.h; sourceTree = "<group>"; };
		F14C360524760FDC0060D435 /* ABUITabBarController.m */ = {isa = PBXFileReference; fileEncoding = 4; lastKnownFileType = sourcecode.c.objc; path = ABUITabBarController.m; sourceTree = "<group>"; };
		F14C360724760FDC0060D435 /* ABUIListViewController.m */ = {isa = PBXFileReference; fileEncoding = 4; lastKnownFileType = sourcecode.c.objc; path = ABUIListViewController.m; sourceTree = "<group>"; };
		F14C360824760FDC0060D435 /* ABUIListViewCell.h */ = {isa = PBXFileReference; fileEncoding = 4; lastKnownFileType = sourcecode.c.h; path = ABUIListViewCell.h; sourceTree = "<group>"; };
		F14C360924760FDC0060D435 /* ABUIListReusableView.h */ = {isa = PBXFileReference; fileEncoding = 4; lastKnownFileType = sourcecode.c.h; path = ABUIListReusableView.h; sourceTree = "<group>"; };
		F14C360A24760FDC0060D435 /* ABUIListView.h */ = {isa = PBXFileReference; fileEncoding = 4; lastKnownFileType = sourcecode.c.h; path = ABUIListView.h; sourceTree = "<group>"; };
		F14C360B24760FDC0060D435 /* ABUIListViewMapping.h */ = {isa = PBXFileReference; fileEncoding = 4; lastKnownFileType = sourcecode.c.h; path = ABUIListViewMapping.h; sourceTree = "<group>"; };
		F14C360C24760FDC0060D435 /* ABUIListViewProtocols.h */ = {isa = PBXFileReference; fileEncoding = 4; lastKnownFileType = sourcecode.c.h; path = ABUIListViewProtocols.h; sourceTree = "<group>"; };
		F14C360D24760FDC0060D435 /* ABUIListViewController.h */ = {isa = PBXFileReference; fileEncoding = 4; lastKnownFileType = sourcecode.c.h; path = ABUIListViewController.h; sourceTree = "<group>"; };
		F14C360E24760FDC0060D435 /* ABUIListReusableView.m */ = {isa = PBXFileReference; fileEncoding = 4; lastKnownFileType = sourcecode.c.objc; path = ABUIListReusableView.m; sourceTree = "<group>"; };
		F14C360F24760FDC0060D435 /* ABUIListViewCell.m */ = {isa = PBXFileReference; fileEncoding = 4; lastKnownFileType = sourcecode.c.objc; path = ABUIListViewCell.m; sourceTree = "<group>"; };
		F14C361024760FDC0060D435 /* ABUIListViewTemplete.json */ = {isa = PBXFileReference; fileEncoding = 4; lastKnownFileType = text.json; path = ABUIListViewTemplete.json; sourceTree = "<group>"; };
		F14C361124760FDC0060D435 /* ABUIListView.m */ = {isa = PBXFileReference; fileEncoding = 4; lastKnownFileType = sourcecode.c.objc; path = ABUIListView.m; sourceTree = "<group>"; };
		F14C361224760FDC0060D435 /* ABUIListViewMapping.m */ = {isa = PBXFileReference; fileEncoding = 4; lastKnownFileType = sourcecode.c.objc; path = ABUIListViewMapping.m; sourceTree = "<group>"; };
		F14C361324760FDC0060D435 /* ABDefines.h */ = {isa = PBXFileReference; fileEncoding = 4; lastKnownFileType = sourcecode.c.h; path = ABDefines.h; sourceTree = "<group>"; };
		F14C361424760FDC0060D435 /* ABUIScrollView.m */ = {isa = PBXFileReference; fileEncoding = 4; lastKnownFileType = sourcecode.c.objc; path = ABUIScrollView.m; sourceTree = "<group>"; };
		F14C361524760FDC0060D435 /* ABUIColor.h */ = {isa = PBXFileReference; fileEncoding = 4; lastKnownFileType = sourcecode.c.h; path = ABUIColor.h; sourceTree = "<group>"; };
		F14C361724760FDC0060D435 /* UIApplication+AB.m */ = {isa = PBXFileReference; fileEncoding = 4; lastKnownFileType = sourcecode.c.objc; path = "UIApplication+AB.m"; sourceTree = "<group>"; };
		F14C361824760FDC0060D435 /* UIView+AB.h */ = {isa = PBXFileReference; fileEncoding = 4; lastKnownFileType = sourcecode.c.h; path = "UIView+AB.h"; sourceTree = "<group>"; };
		F14C361924760FDC0060D435 /* NSString+AB.m */ = {isa = PBXFileReference; fileEncoding = 4; lastKnownFileType = sourcecode.c.objc; path = "NSString+AB.m"; sourceTree = "<group>"; };
		F14C361A24760FDC0060D435 /* UILabel+AB.h */ = {isa = PBXFileReference; fileEncoding = 4; lastKnownFileType = sourcecode.c.h; path = "UILabel+AB.h"; sourceTree = "<group>"; };
		F14C361B24760FDC0060D435 /* UIImage+AB.h */ = {isa = PBXFileReference; fileEncoding = 4; lastKnownFileType = sourcecode.c.h; path = "UIImage+AB.h"; sourceTree = "<group>"; };
		F14C361C24760FDC0060D435 /* UIImageView+AB.h */ = {isa = PBXFileReference; fileEncoding = 4; lastKnownFileType = sourcecode.c.h; path = "UIImageView+AB.h"; sourceTree = "<group>"; };
		F14C361D24760FDC0060D435 /* NSDictionary+AB.h */ = {isa = PBXFileReference; fileEncoding = 4; lastKnownFileType = sourcecode.c.h; path = "NSDictionary+AB.h"; sourceTree = "<group>"; };
		F14C361E24760FDC0060D435 /* UIColor+AB.m */ = {isa = PBXFileReference; fileEncoding = 4; lastKnownFileType = sourcecode.c.objc; path = "UIColor+AB.m"; sourceTree = "<group>"; };
		F14C361F24760FDC0060D435 /* UIViewController+AB.h */ = {isa = PBXFileReference; fileEncoding = 4; lastKnownFileType = sourcecode.c.h; path = "UIViewController+AB.h"; sourceTree = "<group>"; };
		F14C362024760FDC0060D435 /* UILabel+AB.m */ = {isa = PBXFileReference; fileEncoding = 4; lastKnownFileType = sourcecode.c.objc; path = "UILabel+AB.m"; sourceTree = "<group>"; };
		F14C362124760FDC0060D435 /* NSString+AB.h */ = {isa = PBXFileReference; fileEncoding = 4; lastKnownFileType = sourcecode.c.h; path = "NSString+AB.h"; sourceTree = "<group>"; };
		F14C362224760FDC0060D435 /* UIView+AB.m */ = {isa = PBXFileReference; fileEncoding = 4; lastKnownFileType = sourcecode.c.objc; path = "UIView+AB.m"; sourceTree = "<group>"; };
		F14C362324760FDC0060D435 /* UIApplication+AB.h */ = {isa = PBXFileReference; fileEncoding = 4; lastKnownFileType = sourcecode.c.h; path = "UIApplication+AB.h"; sourceTree = "<group>"; };
		F14C362424760FDC0060D435 /* NSDictionary+AB.m */ = {isa = PBXFileReference; fileEncoding = 4; lastKnownFileType = sourcecode.c.objc; path = "NSDictionary+AB.m"; sourceTree = "<group>"; };
		F14C362524760FDC0060D435 /* UIImageView+AB.m */ = {isa = PBXFileReference; fileEncoding = 4; lastKnownFileType = sourcecode.c.objc; path = "UIImageView+AB.m"; sourceTree = "<group>"; };
		F14C362624760FDC0060D435 /* UIImage+AB.m */ = {isa = PBXFileReference; fileEncoding = 4; lastKnownFileType = sourcecode.c.objc; path = "UIImage+AB.m"; sourceTree = "<group>"; };
		F14C362724760FDC0060D435 /* UIColor+AB.h */ = {isa = PBXFileReference; fileEncoding = 4; lastKnownFileType = sourcecode.c.h; path = "UIColor+AB.h"; sourceTree = "<group>"; };
		F14C362824760FDC0060D435 /* UIViewController+AB.m */ = {isa = PBXFileReference; fileEncoding = 4; lastKnownFileType = sourcecode.c.objc; path = "UIViewController+AB.m"; sourceTree = "<group>"; };
/* End PBXFileReference section */

/* Begin PBXFrameworksBuildPhase section */
		F14C35DA24760B750060D435 /* Frameworks */ = {
			isa = PBXFrameworksBuildPhase;
			buildActionMask = 2147483647;
			files = (
				42438FAFF24166EC9549ECB6 /* libPods-ABUIKit.a in Frameworks */,
			);
			runOnlyForDeploymentPostprocessing = 0;
		};
/* End PBXFrameworksBuildPhase section */

/* Begin PBXGroup section */
		4C9513E82626A7AF55D15EB3 /* Pods */ = {
			isa = PBXGroup;
			children = (
				13E13E842FB474A32A1BA94D /* Pods-ABUIKit.debug.xcconfig */,
				4F9CDE74A8F60BF8DB3A72BB /* Pods-ABUIKit.release.xcconfig */,
			);
			path = Pods;
			sourceTree = "<group>";
		};
		6576BFBFF8E01EB015033D4C /* Frameworks */ = {
			isa = PBXGroup;
			children = (
				EE8F0DB6084B1ACAB1B012AE /* libPods-ABUIKit.a */,
			);
			name = Frameworks;
			sourceTree = "<group>";
		};
		F11682C4249F6024004DD6B8 /* ABUIButtons */ = {
			isa = PBXGroup;
			children = (
				F11682C5249F6056004DD6B8 /* ABCountDownButton.h */,
				F11682C6249F6056004DD6B8 /* ABCountDownButton.m */,
			);
			path = ABUIButtons;
			sourceTree = "<group>";
		};
		F1425087249B1CF2003E83D8 /* ABUIWebView */ = {
			isa = PBXGroup;
			children = (
				F1425088249B2022003E83D8 /* web.html */,
				F142507E249B0A97003E83D8 /* ABUIWebView.h */,
				F142507F249B0A97003E83D8 /* ABUIWebView.m */,
			);
			path = ABUIWebView;
			sourceTree = "<group>";
		};
		F14C35D424760B750060D435 = {
			isa = PBXGroup;
			children = (
				F14C35DF24760B750060D435 /* ABUIKit */,
				F14C35DE24760B750060D435 /* Products */,
				4C9513E82626A7AF55D15EB3 /* Pods */,
				6576BFBFF8E01EB015033D4C /* Frameworks */,
			);
			sourceTree = "<group>";
		};
		F14C35DE24760B750060D435 /* Products */ = {
			isa = PBXGroup;
			children = (
				F14C35DD24760B750060D435 /* ABUIKit.app */,
			);
			name = Products;
			sourceTree = "<group>";
		};
		F14C35DF24760B750060D435 /* ABUIKit */ = {
			isa = PBXGroup;
			children = (
				F14C35F924760FDC0060D435 /* Core */,
				F14C35E024760B750060D435 /* AppDelegate.h */,
				F14C35E124760B750060D435 /* AppDelegate.m */,
				F14C35E624760B750060D435 /* ViewController.h */,
				F14C35E724760B750060D435 /* ViewController.m */,
				F14C35EC24760B790060D435 /* Assets.xcassets */,
				F14C35EE24760B790060D435 /* LaunchScreen.storyboard */,
				F14C35F124760B790060D435 /* Info.plist */,
				F14C35F224760B790060D435 /* main.m */,
				F142508A249B4900003E83D8 /* WebViewController.h */,
				F142508B249B4900003E83D8 /* WebViewController.m */,
			);
			path = ABUIKit;
			sourceTree = "<group>";
		};
		F14C35F924760FDC0060D435 /* Core */ = {
			isa = PBXGroup;
			children = (
				F11682C4249F6024004DD6B8 /* ABUIButtons */,
				F1425087249B1CF2003E83D8 /* ABUIWebView */,
				F14C361324760FDC0060D435 /* ABDefines.h */,
				F14C361624760FDC0060D435 /* ABExtension */,
				F14C361524760FDC0060D435 /* ABUIColor.h */,
				F14C35FF24760FDC0060D435 /* ABUIColor.m */,
				F14C360124760FDC0060D435 /* ABUIKit.h */,
				F14C35FB24760FDC0060D435 /* ABUIKitCore.h */,
				F14C360424760FDC0060D435 /* ABUILabel.h */,
				F14C35FD24760FDC0060D435 /* ABUILabel.m */,
				F14C360624760FDC0060D435 /* ABUIListView */,
				F14C35FE24760FDC0060D435 /* ABUINavigationController.h */,
				F14C360324760FDC0060D435 /* ABUINavigationController.m */,
				F14C360024760FDC0060D435 /* ABUIScrollView.h */,
				F14C361424760FDC0060D435 /* ABUIScrollView.m */,
				F14C35FC24760FDC0060D435 /* ABUITabBarController.h */,
				F14C360524760FDC0060D435 /* ABUITabBarController.m */,
				F14C360224760FDC0060D435 /* ABUIViewController.h */,
				F14C35FA24760FDC0060D435 /* ABUIViewController.m */,
				F142508D249B5454003E83D8 /* ABUITextView.h */,
				F142508E249B5454003E83D8 /* ABUITextView.m */,
			);
			path = Core;
			sourceTree = SOURCE_ROOT;
		};
		F14C360624760FDC0060D435 /* ABUIListView */ = {
			isa = PBXGroup;
			children = (
				F14C360924760FDC0060D435 /* ABUIListReusableView.h */,
				F14C360E24760FDC0060D435 /* ABUIListReusableView.m */,
				F14C360A24760FDC0060D435 /* ABUIListView.h */,
				F14C361124760FDC0060D435 /* ABUIListView.m */,
				F14C360824760FDC0060D435 /* ABUIListViewCell.h */,
				F14C360F24760FDC0060D435 /* ABUIListViewCell.m */,
				F14C360D24760FDC0060D435 /* ABUIListViewController.h */,
				F14C360724760FDC0060D435 /* ABUIListViewController.m */,
				F14C360B24760FDC0060D435 /* ABUIListViewMapping.h */,
				F14C361224760FDC0060D435 /* ABUIListViewMapping.m */,
				F14C360C24760FDC0060D435 /* ABUIListViewProtocols.h */,
				F14C361024760FDC0060D435 /* ABUIListViewTemplete.json */,
				F142507B249AFCBC003E83D8 /* ABUIListViewCSS.h */,
				F142507C249AFCBC003E83D8 /* ABUIListViewCSS.m */,
			);
			path = ABUIListView;
			sourceTree = "<group>";
		};
		F14C361624760FDC0060D435 /* ABExtension */ = {
			isa = PBXGroup;
			children = (
				F14C361D24760FDC0060D435 /* NSDictionary+AB.h */,
				F14C362424760FDC0060D435 /* NSDictionary+AB.m */,
				F14C362124760FDC0060D435 /* NSString+AB.h */,
				F14C361924760FDC0060D435 /* NSString+AB.m */,
				F14C362324760FDC0060D435 /* UIApplication+AB.h */,
				F14C361724760FDC0060D435 /* UIApplication+AB.m */,
				F14C362724760FDC0060D435 /* UIColor+AB.h */,
				F14C361E24760FDC0060D435 /* UIColor+AB.m */,
				F14C361B24760FDC0060D435 /* UIImage+AB.h */,
				F14C362624760FDC0060D435 /* UIImage+AB.m */,
				F14C361C24760FDC0060D435 /* UIImageView+AB.h */,
				F14C362524760FDC0060D435 /* UIImageView+AB.m */,
				F14C361A24760FDC0060D435 /* UILabel+AB.h */,
				F14C362024760FDC0060D435 /* UILabel+AB.m */,
				F14C361824760FDC0060D435 /* UIView+AB.h */,
				F14C362224760FDC0060D435 /* UIView+AB.m */,
				F14C361F24760FDC0060D435 /* UIViewController+AB.h */,
				F14C362824760FDC0060D435 /* UIViewController+AB.m */,
				F11682BC249F5ACA004DD6B8 /* ABExtension.h */,
			);
			path = ABExtension;
			sourceTree = "<group>";
		};
/* End PBXGroup section */

/* Begin PBXNativeTarget section */
		F14C35DC24760B750060D435 /* ABUIKit */ = {
			isa = PBXNativeTarget;
			buildConfigurationList = F14C35F624760B790060D435 /* Build configuration list for PBXNativeTarget "ABUIKit" */;
			buildPhases = (
				7C29BD8D7094E1631CD977F5 /* [CP] Check Pods Manifest.lock */,
				F14C35D924760B750060D435 /* Sources */,
				F14C35DA24760B750060D435 /* Frameworks */,
				F14C35DB24760B750060D435 /* Resources */,
			);
			buildRules = (
			);
			dependencies = (
			);
			name = ABUIKit;
			productName = ABUIKit;
			productReference = F14C35DD24760B750060D435 /* ABUIKit.app */;
			productType = "com.apple.product-type.application";
		};
/* End PBXNativeTarget section */

/* Begin PBXProject section */
		F14C35D524760B750060D435 /* Project object */ = {
			isa = PBXProject;
			attributes = {
				LastUpgradeCheck = 1140;
				ORGANIZATIONNAME = abteam;
				TargetAttributes = {
					F14C35DC24760B750060D435 = {
						CreatedOnToolsVersion = 11.4.1;
					};
				};
			};
			buildConfigurationList = F14C35D824760B750060D435 /* Build configuration list for PBXProject "ABUIKit" */;
			compatibilityVersion = "Xcode 9.3";
			developmentRegion = en;
			hasScannedForEncodings = 0;
			knownRegions = (
				en,
				Base,
			);
			mainGroup = F14C35D424760B750060D435;
			productRefGroup = F14C35DE24760B750060D435 /* Products */;
			projectDirPath = "";
			projectRoot = "";
			targets = (
				F14C35DC24760B750060D435 /* ABUIKit */,
			);
		};
/* End PBXProject section */

/* Begin PBXResourcesBuildPhase section */
		F14C35DB24760B750060D435 /* Resources */ = {
			isa = PBXResourcesBuildPhase;
			buildActionMask = 2147483647;
			files = (
				F14C363124760FDC0060D435 /* ABUIListViewTemplete.json in Resources */,
				F1425089249B2022003E83D8 /* web.html in Resources */,
				F14C35F024760B790060D435 /* LaunchScreen.storyboard in Resources */,
				F14C35ED24760B790060D435 /* Assets.xcassets in Resources */,
			);
			runOnlyForDeploymentPostprocessing = 0;
		};
/* End PBXResourcesBuildPhase section */

/* Begin PBXShellScriptBuildPhase section */
		7C29BD8D7094E1631CD977F5 /* [CP] Check Pods Manifest.lock */ = {
			isa = PBXShellScriptBuildPhase;
			buildActionMask = 2147483647;
			files = (
			);
			inputFileListPaths = (
			);
			inputPaths = (
				"${PODS_PODFILE_DIR_PATH}/Podfile.lock",
				"${PODS_ROOT}/Manifest.lock",
			);
			name = "[CP] Check Pods Manifest.lock";
			outputFileListPaths = (
			);
			outputPaths = (
				"$(DERIVED_FILE_DIR)/Pods-ABUIKit-checkManifestLockResult.txt",
			);
			runOnlyForDeploymentPostprocessing = 0;
			shellPath = /bin/sh;
			shellScript = "diff \"${PODS_PODFILE_DIR_PATH}/Podfile.lock\" \"${PODS_ROOT}/Manifest.lock\" > /dev/null\nif [ $? != 0 ] ; then\n    # print error to STDERR\n    echo \"error: The sandbox is not in sync with the Podfile.lock. Run 'pod install' or update your CocoaPods installation.\" >&2\n    exit 1\nfi\n# This output is used by Xcode 'outputs' to avoid re-running this script phase.\necho \"SUCCESS\" > \"${SCRIPT_OUTPUT_FILE_0}\"\n";
			showEnvVarsInLog = 0;
		};
/* End PBXShellScriptBuildPhase section */

/* Begin PBXSourcesBuildPhase section */
		F14C35D924760B750060D435 /* Sources */ = {
			isa = PBXSourcesBuildPhase;
			buildActionMask = 2147483647;
			files = (
				F14C363B24760FDC0060D435 /* UIImageView+AB.m in Sources */,
				F14C363724760FDC0060D435 /* UIColor+AB.m in Sources */,
				F14C363324760FDC0060D435 /* ABUIListViewMapping.m in Sources */,
				F14C35E824760B750060D435 /* ViewController.m in Sources */,
				F14C363824760FDC0060D435 /* UILabel+AB.m in Sources */,
				F14C363424760FDC0060D435 /* ABUIScrollView.m in Sources */,
				F14C35E224760B750060D435 /* AppDelegate.m in Sources */,
				F14C362D24760FDC0060D435 /* ABUITabBarController.m in Sources */,
				F1425080249B0A97003E83D8 /* ABUIWebView.m in Sources */,
				F14C363D24760FDC0060D435 /* UIViewController+AB.m in Sources */,
				F14C363C24760FDC0060D435 /* UIImage+AB.m in Sources */,
				F14C362C24760FDC0060D435 /* ABUINavigationController.m in Sources */,
				F14C363524760FDC0060D435 /* UIApplication+AB.m in Sources */,
				F14C362F24760FDC0060D435 /* ABUIListReusableView.m in Sources */,
				F11682C7249F6056004DD6B8 /* ABCountDownButton.m in Sources */,
				F142507D249AFCBC003E83D8 /* ABUIListViewCSS.m in Sources */,
				F14C362B24760FDC0060D435 /* ABUIColor.m in Sources */,
				F14C35F324760B790060D435 /* main.m in Sources */,
				F14C362924760FDC0060D435 /* ABUIViewController.m in Sources */,
				F14C362E24760FDC0060D435 /* ABUIListViewController.m in Sources */,
				F142508F249B5454003E83D8 /* ABUITextView.m in Sources */,
				F14C363224760FDC0060D435 /* ABUIListView.m in Sources */,
				F14C363924760FDC0060D435 /* UIView+AB.m in Sources */,
				F142508C249B4900003E83D8 /* WebViewController.m in Sources */,
				F14C363024760FDC0060D435 /* ABUIListViewCell.m in Sources */,
				F14C363A24760FDC0060D435 /* NSDictionary+AB.m in Sources */,
				F14C363624760FDC0060D435 /* NSString+AB.m in Sources */,
				F14C362A24760FDC0060D435 /* ABUILabel.m in Sources */,
			);
			runOnlyForDeploymentPostprocessing = 0;
		};
/* End PBXSourcesBuildPhase section */

/* Begin PBXVariantGroup section */
		F14C35EE24760B790060D435 /* LaunchScreen.storyboard */ = {
			isa = PBXVariantGroup;
			children = (
				F14C35EF24760B790060D435 /* Base */,
			);
			name = LaunchScreen.storyboard;
			sourceTree = "<group>";
		};
/* End PBXVariantGroup section */

/* Begin XCBuildConfiguration section */
		F14C35F424760B790060D435 /* Debug */ = {
			isa = XCBuildConfiguration;
			buildSettings = {
				ALWAYS_SEARCH_USER_PATHS = NO;
				CLANG_ANALYZER_NONNULL = YES;
				CLANG_ANALYZER_NUMBER_OBJECT_CONVERSION = YES_AGGRESSIVE;
				CLANG_CXX_LANGUAGE_STANDARD = "gnu++14";
				CLANG_CXX_LIBRARY = "libc++";
				CLANG_ENABLE_MODULES = YES;
				CLANG_ENABLE_OBJC_ARC = YES;
				CLANG_ENABLE_OBJC_WEAK = YES;
				CLANG_WARN_BLOCK_CAPTURE_AUTORELEASING = YES;
				CLANG_WARN_BOOL_CONVERSION = YES;
				CLANG_WARN_COMMA = YES;
				CLANG_WARN_CONSTANT_CONVERSION = YES;
				CLANG_WARN_DEPRECATED_OBJC_IMPLEMENTATIONS = YES;
				CLANG_WARN_DIRECT_OBJC_ISA_USAGE = YES_ERROR;
				CLANG_WARN_DOCUMENTATION_COMMENTS = YES;
				CLANG_WARN_EMPTY_BODY = YES;
				CLANG_WARN_ENUM_CONVERSION = YES;
				CLANG_WARN_INFINITE_RECURSION = YES;
				CLANG_WARN_INT_CONVERSION = YES;
				CLANG_WARN_NON_LITERAL_NULL_CONVERSION = YES;
				CLANG_WARN_OBJC_IMPLICIT_RETAIN_SELF = YES;
				CLANG_WARN_OBJC_LITERAL_CONVERSION = YES;
				CLANG_WARN_OBJC_ROOT_CLASS = YES_ERROR;
				CLANG_WARN_RANGE_LOOP_ANALYSIS = YES;
				CLANG_WARN_STRICT_PROTOTYPES = YES;
				CLANG_WARN_SUSPICIOUS_MOVE = YES;
				CLANG_WARN_UNGUARDED_AVAILABILITY = YES_AGGRESSIVE;
				CLANG_WARN_UNREACHABLE_CODE = YES;
				CLANG_WARN__DUPLICATE_METHOD_MATCH = YES;
				COPY_PHASE_STRIP = NO;
				DEBUG_INFORMATION_FORMAT = dwarf;
				ENABLE_STRICT_OBJC_MSGSEND = YES;
				ENABLE_TESTABILITY = YES;
				GCC_C_LANGUAGE_STANDARD = gnu11;
				GCC_DYNAMIC_NO_PIC = NO;
				GCC_NO_COMMON_BLOCKS = YES;
				GCC_OPTIMIZATION_LEVEL = 0;
				GCC_PREPROCESSOR_DEFINITIONS = (
					"DEBUG=1",
					"$(inherited)",
				);
				GCC_WARN_64_TO_32_BIT_CONVERSION = YES;
				GCC_WARN_ABOUT_RETURN_TYPE = YES_ERROR;
				GCC_WARN_UNDECLARED_SELECTOR = YES;
				GCC_WARN_UNINITIALIZED_AUTOS = YES_AGGRESSIVE;
				GCC_WARN_UNUSED_FUNCTION = YES;
				GCC_WARN_UNUSED_VARIABLE = YES;
				IPHONEOS_DEPLOYMENT_TARGET = 13.4;
				MTL_ENABLE_DEBUG_INFO = INCLUDE_SOURCE;
				MTL_FAST_MATH = YES;
				ONLY_ACTIVE_ARCH = YES;
				SDKROOT = iphoneos;
			};
			name = Debug;
		};
		F14C35F524760B790060D435 /* Release */ = {
			isa = XCBuildConfiguration;
			buildSettings = {
				ALWAYS_SEARCH_USER_PATHS = NO;
				CLANG_ANALYZER_NONNULL = YES;
				CLANG_ANALYZER_NUMBER_OBJECT_CONVERSION = YES_AGGRESSIVE;
				CLANG_CXX_LANGUAGE_STANDARD = "gnu++14";
				CLANG_CXX_LIBRARY = "libc++";
				CLANG_ENABLE_MODULES = YES;
				CLANG_ENABLE_OBJC_ARC = YES;
				CLANG_ENABLE_OBJC_WEAK = YES;
				CLANG_WARN_BLOCK_CAPTURE_AUTORELEASING = YES;
				CLANG_WARN_BOOL_CONVERSION = YES;
				CLANG_WARN_COMMA = YES;
				CLANG_WARN_CONSTANT_CONVERSION = YES;
				CLANG_WARN_DEPRECATED_OBJC_IMPLEMENTATIONS = YES;
				CLANG_WARN_DIRECT_OBJC_ISA_USAGE = YES_ERROR;
				CLANG_WARN_DOCUMENTATION_COMMENTS = YES;
				CLANG_WARN_EMPTY_BODY = YES;
				CLANG_WARN_ENUM_CONVERSION = YES;
				CLANG_WARN_INFINITE_RECURSION = YES;
				CLANG_WARN_INT_CONVERSION = YES;
				CLANG_WARN_NON_LITERAL_NULL_CONVERSION = YES;
				CLANG_WARN_OBJC_IMPLICIT_RETAIN_SELF = YES;
				CLANG_WARN_OBJC_LITERAL_CONVERSION = YES;
				CLANG_WARN_OBJC_ROOT_CLASS = YES_ERROR;
				CLANG_WARN_RANGE_LOOP_ANALYSIS = YES;
				CLANG_WARN_STRICT_PROTOTYPES = YES;
				CLANG_WARN_SUSPICIOUS_MOVE = YES;
				CLANG_WARN_UNGUARDED_AVAILABILITY = YES_AGGRESSIVE;
				CLANG_WARN_UNREACHABLE_CODE = YES;
				CLANG_WARN__DUPLICATE_METHOD_MATCH = YES;
				COPY_PHASE_STRIP = NO;
				DEBUG_INFORMATION_FORMAT = "dwarf-with-dsym";
				ENABLE_NS_ASSERTIONS = NO;
				ENABLE_STRICT_OBJC_MSGSEND = YES;
				GCC_C_LANGUAGE_STANDARD = gnu11;
				GCC_NO_COMMON_BLOCKS = YES;
				GCC_WARN_64_TO_32_BIT_CONVERSION = YES;
				GCC_WARN_ABOUT_RETURN_TYPE = YES_ERROR;
				GCC_WARN_UNDECLARED_SELECTOR = YES;
				GCC_WARN_UNINITIALIZED_AUTOS = YES_AGGRESSIVE;
				GCC_WARN_UNUSED_FUNCTION = YES;
				GCC_WARN_UNUSED_VARIABLE = YES;
				IPHONEOS_DEPLOYMENT_TARGET = 13.4;
				MTL_ENABLE_DEBUG_INFO = NO;
				MTL_FAST_MATH = YES;
				SDKROOT = iphoneos;
				VALIDATE_PRODUCT = YES;
			};
			name = Release;
		};
		F14C35F724760B790060D435 /* Debug */ = {
			isa = XCBuildConfiguration;
			baseConfigurationReference = 13E13E842FB474A32A1BA94D /* Pods-ABUIKit.debug.xcconfig */;
			buildSettings = {
				ASSETCATALOG_COMPILER_APPICON_NAME = AppIcon;
				CODE_SIGN_STYLE = Automatic;
				INFOPLIST_FILE = ABUIKit/Info.plist;
				IPHONEOS_DEPLOYMENT_TARGET = 10.0;
				LD_RUNPATH_SEARCH_PATHS = (
					"$(inherited)",
					"@executable_path/Frameworks",
				);
				PRODUCT_BUNDLE_IDENTIFIER = com.abteam.ABUIKit;
				PRODUCT_NAME = "$(TARGET_NAME)";
				TARGETED_DEVICE_FAMILY = "1,2";
			};
			name = Debug;
		};
		F14C35F824760B790060D435 /* Release */ = {
			isa = XCBuildConfiguration;
			baseConfigurationReference = 4F9CDE74A8F60BF8DB3A72BB /* Pods-ABUIKit.release.xcconfig */;
			buildSettings = {
				ASSETCATALOG_COMPILER_APPICON_NAME = AppIcon;
				CODE_SIGN_STYLE = Automatic;
				INFOPLIST_FILE = ABUIKit/Info.plist;
				IPHONEOS_DEPLOYMENT_TARGET = 10.0;
				LD_RUNPATH_SEARCH_PATHS = (
					"$(inherited)",
					"@executable_path/Frameworks",
				);
				PRODUCT_BUNDLE_IDENTIFIER = com.abteam.ABUIKit;
				PRODUCT_NAME = "$(TARGET_NAME)";
				TARGETED_DEVICE_FAMILY = "1,2";
			};
			name = Release;
		};
/* End XCBuildConfiguration section */

/* Begin XCConfigurationList section */
		F14C35D824760B750060D435 /* Build configuration list for PBXProject "ABUIKit" */ = {
			isa = XCConfigurationList;
			buildConfigurations = (
				F14C35F424760B790060D435 /* Debug */,
				F14C35F524760B790060D435 /* Release */,
			);
			defaultConfigurationIsVisible = 0;
			defaultConfigurationName = Release;
		};
		F14C35F624760B790060D435 /* Build configuration list for PBXNativeTarget "ABUIKit" */ = {
			isa = XCConfigurationList;
			buildConfigurations = (
				F14C35F724760B790060D435 /* Debug */,
				F14C35F824760B790060D435 /* Release */,
			);
			defaultConfigurationIsVisible = 0;
			defaultConfigurationName = Release;
		};
/* End XCConfigurationList section */
	};
	rootObject = F14C35D524760B750060D435 /* Project object */;
}
